
Microsoft Visual Studio Solution File, Format Version 11.00
# Visual Studio 2010
Project("{FAE04EC0-301F-11D3-BF4B-00C04F79EFBC}") = "Unity.Timeline", "Unity.Timeline.csproj", "{c51261d9-c870-a597-7d00-6f5798205122}"
EndProject
Project("{FAE04EC0-301F-11D3-BF4B-00C04F79EFBC}") = "Unity.VisualScripting.Flow", "Unity.VisualScripting.Flow.csproj", "{9d29a998-7d1c-8167-f4ac-38c0dfd34b75}"
EndProject
Project("{FAE04EC0-301F-11D3-BF4B-00C04F79EFBC}") = "Unity.Timeline.Editor", "Unity.Timeline.Editor.csproj", "{18e46698-85fb-d1e6-e0d7-f0f7ce8856b0}"
EndProject
Project("{FAE04EC0-301F-11D3-BF4B-00C04F79EFBC}") = "Unity.PlasticSCM.Editor", "Unity.PlasticSCM.Editor.csproj", "{d8219828-e66c-707d-0100-00886accb64d}"
EndProject
Project("{FAE04EC0-301F-11D3-BF4B-00C04F79EFBC}") = "Unity.VisualScripting.Core.Editor", "Unity.VisualScripting.Core.Editor.csproj", "{ffdd8e02-136c-d14d-59ca-4ab5fd9eb40e}"
EndProject
Project("{FAE04EC0-301F-11D3-BF4B-00C04F79EFBC}") = "UnityEngine.UI", "UnityEngine.UI.csproj", "{79f9eda6-7820-6416-84ac-c72ff5656179}"
EndProject
Project("{FAE04EC0-301F-11D3-BF4B-00C04F79EFBC}") = "UnityEditor.TestRunner", "UnityEditor.TestRunner.csproj", "{33648309-820d-47cd-432f-e8a755929d4f}"
EndProject
Project("{FAE04EC0-301F-11D3-BF4B-00C04F79EFBC}") = "UnityEngine.TestRunner", "UnityEngine.TestRunner.csproj", "{b6408351-3ec5-1b83-4692-5ea61fcfa208}"
EndProject
Project("{FAE04EC0-301F-11D3-BF4B-00C04F79EFBC}") = "Unity.VisualScripting.Core", "Unity.VisualScripting.Core.csproj", "{99b6fd59-6ec4-38dd-f9ae-e97e538b8722}"
EndProject
Project("{FAE04EC0-301F-11D3-BF4B-00C04F79EFBC}") = "Unity.VisualScripting.Flow.Editor", "Unity.VisualScripting.Flow.Editor.csproj", "{87a718df-a39c-44c8-c363-2315cdeee634}"
EndProject
Project("{FAE04EC0-301F-11D3-BF4B-00C04F79EFBC}") = "Unity.AI.Navigation.Editor", "Unity.AI.Navigation.Editor.csproj", "{4c080d0e-8460-62b9-dd64-a5d8c3f1665b}"
EndProject
Project("{FAE04EC0-301F-11D3-BF4B-00C04F79EFBC}") = "Unity.VisualStudio.Editor", "Unity.VisualStudio.Editor.csproj", "{90ff7370-9097-88b9-1cb1-7ac2e5fd3682}"
EndProject
Project("{FAE04EC0-301F-11D3-BF4B-00C04F79EFBC}") = "Unity.TextMeshPro.Editor", "Unity.TextMeshPro.Editor.csproj", "{44221fe5-4c4f-8d2f-4ed1-9027397dbbd3}"
EndProject
Project("{FAE04EC0-301F-11D3-BF4B-00C04F79EFBC}") = "Unity.TestTools.CodeCoverage.Editor.OpenCover.Model", "Unity.TestTools.CodeCoverage.Editor.OpenCover.Model.csproj", "{9e8acb7d-6f49-421f-d7d9-68e08a5abbed}"
EndProject
Project("{FAE04EC0-301F-11D3-BF4B-00C04F79EFBC}") = "Unity.Rider.Editor", "Unity.Rider.Editor.csproj", "{fae2f32c-2e24-d325-79ce-cbadb9304b66}"
EndProject
Project("{FAE04EC0-301F-11D3-BF4B-00C04F79EFBC}") = "Unity.AI.Navigation.Editor.ConversionSystem", "Unity.AI.Navigation.Editor.ConversionSystem.csproj", "{4fa14bf1-0923-019a-adc7-3e59eb236959}"
EndProject
Project("{FAE04EC0-301F-11D3-BF4B-00C04F79EFBC}") = "Unity.VisualScripting.State.Editor", "Unity.VisualScripting.State.Editor.csproj", "{91b49b2b-3b4f-937e-337b-690acd384db4}"
EndProject
Project("{FAE04EC0-301F-11D3-BF4B-00C04F79EFBC}") = "Unity.TestTools.CodeCoverage.Editor", "Unity.TestTools.CodeCoverage.Editor.csproj", "{0d42689e-059e-cea4-ce39-c838ed2655d7}"
EndProject
Project("{FAE04EC0-301F-11D3-BF4B-00C04F79EFBC}") = "Unity.AI.Navigation", "Unity.AI.Navigation.csproj", "{6c046bc7-d45e-6668-b00e-f2c72bff7fbd}"
EndProject
Project("{FAE04EC0-301F-11D3-BF4B-00C04F79EFBC}") = "Unity.VisualScripting.State", "Unity.VisualScripting.State.csproj", "{f61d29a9-bb88-0c0a-924a-d7e46f790e99}"
EndProject
Project("{FAE04EC0-301F-11D3-BF4B-00C04F79EFBC}") = "Unity.Performance.Profile-Analyzer.Editor", "Unity.Performance.Profile-Analyzer.Editor.csproj", "{c5822ef3-cda1-70b2-c63a-73917a3945c2}"
EndProject
Project("{FAE04EC0-301F-11D3-BF4B-00C04F79EFBC}") = "UnityEditor.UI", "UnityEditor.UI.csproj", "{d888347b-c358-78d2-b149-014fc32c5a06}"
EndProject
Project("{FAE04EC0-301F-11D3-BF4B-00C04F79EFBC}") = "Unity.TextMeshPro", "Unity.TextMeshPro.csproj", "{3b3db0e0-626d-2f51-b654-b1a770b22c97}"
EndProject
Project("{FAE04EC0-301F-11D3-BF4B-00C04F79EFBC}") = "Unity.VisualScripting.SettingsProvider.Editor", "Unity.VisualScripting.SettingsProvider.Editor.csproj", "{70b897d1-130e-20a9-6f9d-f7dcba43466e}"
EndProject
Project("{FAE04EC0-301F-11D3-BF4B-00C04F79EFBC}") = "Unity.TestTools.CodeCoverage.Editor.OpenCover.Mono.Reflection", "Unity.TestTools.CodeCoverage.Editor.OpenCover.Mono.Reflection.csproj", "{7a486dec-b74a-690b-70f2-6c1f843908fa}"
EndProject
Project("{FAE04EC0-301F-11D3-BF4B-00C04F79EFBC}") = "Unity.AI.Navigation.Updater", "Unity.AI.Navigation.Updater.csproj", "{b3f4b567-71f2-ee9f-45b2-3a27435faa40}"
EndProject
Project("{FAE04EC0-301F-11D3-BF4B-00C04F79EFBC}") = "Unity.Settings.Editor", "Unity.Settings.Editor.csproj", "{9289baa7-b90f-79f0-dc3b-0f57d1cc8023}"
EndProject
Project("{FAE04EC0-301F-11D3-BF4B-00C04F79EFBC}") = "Assembly-CSharp", "Assembly-CSharp.csproj", "{4bc09d22-4b5e-a0d8-48c1-1c4440eec2f9}"
EndProject
Project("{FAE04EC0-301F-11D3-BF4B-00C04F79EFBC}") = "Polyperfect.Universal", "Polyperfect.Universal.csproj", "{6acc9013-9445-0ffd-7878-bdf2b21be076}"
EndProject
Project("{FAE04EC0-301F-11D3-BF4B-00C04F79EFBC}") = "Unity.VisualScripting.Shared.Editor", "Unity.VisualScripting.Shared.Editor.csproj", "{47922b6a-1965-1850-8552-875e9ccba116}"
EndProject
Project("{FAE04EC0-301F-11D3-BF4B-00C04F79EFBC}") = "Unity.EditorCoroutines.Editor", "Unity.EditorCoroutines.Editor.csproj", "{cf8008e2-2a57-2f6b-b548-14a5060dcf09}"
EndProject
Project("{FAE04EC0-301F-11D3-BF4B-00C04F79EFBC}") = "Unity.CollabProxy.Editor", "Unity.CollabProxy.Editor.csproj", "{6efef349-5f21-0bfe-ce27-516db7108b2f}"
EndProject
Project("{FAE04EC0-301F-11D3-BF4B-00C04F79EFBC}") = "Unity.Timeline", "Unity.Timeline.Player.csproj", "{2081ab20-8374-fb0b-92ec-f268067e28ef}"
EndProject
Project("{FAE04EC0-301F-11D3-BF4B-00C04F79EFBC}") = "Unity.VisualScripting.Flow", "Unity.VisualScripting.Flow.Player.csproj", "{ceb95611-c7ce-7d2c-3ca1-480615530166}"
EndProject
Project("{FAE04EC0-301F-11D3-BF4B-00C04F79EFBC}") = "UnityEngine.UI", "UnityEngine.UI.Player.csproj", "{103acb89-f81c-5277-79dd-120cefa5522d}"
EndProject
Project("{FAE04EC0-301F-11D3-BF4B-00C04F79EFBC}") = "UnityEngine.TestRunner", "UnityEngine.TestRunner.Player.csproj", "{bbf0699c-0fcb-ebcc-8e58-577d7d7224fa}"
EndProject
Project("{FAE04EC0-301F-11D3-BF4B-00C04F79EFBC}") = "Unity.VisualScripting.Core", "Unity.VisualScripting.Core.Player.csproj", "{53904714-3958-5a6c-69cb-089dd400848d}"
EndProject
Project("{FAE04EC0-301F-11D3-BF4B-00C04F79EFBC}") = "Unity.AI.Navigation", "Unity.AI.Navigation.Player.csproj", "{75d43d3b-555b-541d-0111-f597bbd529ed}"
EndProject
Project("{FAE04EC0-301F-11D3-BF4B-00C04F79EFBC}") = "Unity.VisualScripting.State", "Unity.VisualScripting.State.Player.csproj", "{ebcf09e6-a5f7-9ef1-9655-8b7f90a599b5}"
EndProject
Project("{FAE04EC0-301F-11D3-BF4B-00C04F79EFBC}") = "Unity.TextMeshPro", "Unity.TextMeshPro.Player.csproj", "{007cdd7b-81b4-257c-da3c-8df2fb342707}"
EndProject
Project("{FAE04EC0-301F-11D3-BF4B-00C04F79EFBC}") = "Assembly-CSharp", "Assembly-CSharp.Player.csproj", "{e54e6f26-88cb-7423-ea68-f461d580313e}"
EndProject
Project("{FAE04EC0-301F-11D3-BF4B-00C04F79EFBC}") = "Polyperfect.Universal", "Polyperfect.Universal.Player.csproj", "{f428f912-8bcd-2042-cbe2-4e0a4a344ad3}"
EndProject
Project("{FAE04EC0-301F-11D3-BF4B-00C04F79EFBC}") = "Assembly-CSharp-Editor", "Assembly-CSharp-Editor.csproj", "{57d7b8f6-45d9-c68c-8043-79efde0b882a}"
EndProject
Project("{FAE04EC0-301F-11D3-BF4B-00C04F79EFBC}") = "Unity.AI.Navigation.Tests", "Unity.AI.Navigation.Tests.csproj", "{2594c66c-41f7-7736-0290-4e1d320ef9d0}"
EndProject
Project("{FAE04EC0-301F-11D3-BF4B-00C04F79EFBC}") = "Unity.TestTools.CodeCoverage.Editor.Compatibility", "Unity.TestTools.CodeCoverage.Editor.Compatibility.csproj", "{dac7729e-3e93-a0c3-0fcf-0abccbd52f9d}"
EndProject
Project("{FAE04EC0-301F-11D3-BF4B-00C04F79EFBC}") = "Unity.TextMeshPro.Editor.Tests", "Unity.TextMeshPro.Editor.Tests.csproj", "{d3f1cb75-638c-055c-623e-4f33a1be4c69}"
EndProject
Project("{FAE04EC0-301F-11D3-BF4B-00C04F79EFBC}") = "DocCodeExamples", "DocCodeExamples.csproj", "{2b91505c-9d52-d30c-a613-ec8132bb5672}"
EndProject
Project("{FAE04EC0-301F-11D3-BF4B-00C04F79EFBC}") = "Unity.Performance.Profile-Analyzer.EditorTests", "Unity.Performance.Profile-Analyzer.EditorTests.csproj", "{ed656b28-9e65-fb7b-6afb-6d0f5a82ab33}"
EndProject
Project("{FAE04EC0-301F-11D3-BF4B-00C04F79EFBC}") = "Unity.AI.Navigation.LegacyOffMeshLink.Tests", "Unity.AI.Navigation.LegacyOffMeshLink.Tests.csproj", "{18047d27-caa4-b4c0-2372-071cdcf3066d}"
EndProject
Project("{FAE04EC0-301F-11D3-BF4B-00C04F79EFBC}") = "Unity.Settings.Tests", "Unity.Settings.Tests.csproj", "{6781a5ef-cac6-d463-20d0-5f8abd683226}"
EndProject
Project("{FAE04EC0-301F-11D3-BF4B-00C04F79EFBC}") = "Unity.AI.Navigation.Editor.Tests", "Unity.AI.Navigation.Editor.Tests.csproj", "{b56cc5ca-9cf9-66c6-90d0-3dacdd0e9bd6}"
EndProject
Project("{FAE04EC0-301F-11D3-BF4B-00C04F79EFBC}") = "UnityEngine.UI.Tests", "UnityEngine.UI.Tests.csproj", "{c27cb215-6214-0a63-2505-7b9384c855c3}"
EndProject
Project("{FAE04EC0-301F-11D3-BF4B-00C04F79EFBC}") = "Unity.TextMeshPro.Tests", "Unity.TextMeshPro.Tests.csproj", "{313d66da-99cf-03cf-cc83-578b2db315ab}"
EndProject
Project("{FAE04EC0-301F-11D3-BF4B-00C04F79EFBC}") = "UnityEditor.UI.EditorTests", "UnityEditor.UI.EditorTests.csproj", "{d206245e-c241-6f9d-e7ea-3f0056b261da}"
EndProject
Global
	GlobalSection(SolutionConfigurationPlatforms) = preSolution
		Debug|Any CPU = Debug|Any CPU
	EndGlobalSection
	GlobalSection(ProjectConfigurationPlatforms) = postSolution
		{c51261d9-c870-a597-7d00-6f5798205122}.Debug|Any CPU.ActiveCfg = Debug|Any CPU
		{c51261d9-c870-a597-7d00-6f5798205122}.Debug|Any CPU.Build.0 = Debug|Any CPU
		{9d29a998-7d1c-8167-f4ac-38c0dfd34b75}.Debug|Any CPU.ActiveCfg = Debug|Any CPU
		{9d29a998-7d1c-8167-f4ac-38c0dfd34b75}.Debug|Any CPU.Build.0 = Debug|Any CPU
		{18e46698-85fb-d1e6-e0d7-f0f7ce8856b0}.Debug|Any CPU.ActiveCfg = Debug|Any CPU
		{18e46698-85fb-d1e6-e0d7-f0f7ce8856b0}.Debug|Any CPU.Build.0 = Debug|Any CPU
		{d8219828-e66c-707d-0100-00886accb64d}.Debug|Any CPU.ActiveCfg = Debug|Any CPU
		{d8219828-e66c-707d-0100-00886accb64d}.Debug|Any CPU.Build.0 = Debug|Any CPU
		{ffdd8e02-136c-d14d-59ca-4ab5fd9eb40e}.Debug|Any CPU.ActiveCfg = Debug|Any CPU
		{ffdd8e02-136c-d14d-59ca-4ab5fd9eb40e}.Debug|Any CPU.Build.0 = Debug|Any CPU
		{79f9eda6-7820-6416-84ac-c72ff5656179}.Debug|Any CPU.ActiveCfg = Debug|Any CPU
		{79f9eda6-7820-6416-84ac-c72ff5656179}.Debug|Any CPU.Build.0 = Debug|Any CPU
		{33648309-820d-47cd-432f-e8a755929d4f}.Debug|Any CPU.ActiveCfg = Debug|Any CPU
		{33648309-820d-47cd-432f-e8a755929d4f}.Debug|Any CPU.Build.0 = Debug|Any CPU
		{b6408351-3ec5-1b83-4692-5ea61fcfa208}.Debug|Any CPU.ActiveCfg = Debug|Any CPU
		{b6408351-3ec5-1b83-4692-5ea61fcfa208}.Debug|Any CPU.Build.0 = Debug|Any CPU
		{99b6fd59-6ec4-38dd-f9ae-e97e538b8722}.Debug|Any CPU.ActiveCfg = Debug|Any CPU
		{99b6fd59-6ec4-38dd-f9ae-e97e538b8722}.Debug|Any CPU.Build.0 = Debug|Any CPU
		{87a718df-a39c-44c8-c363-2315cdeee634}.Debug|Any CPU.ActiveCfg = Debug|Any CPU
		{87a718df-a39c-44c8-c363-2315cdeee634}.Debug|Any CPU.Build.0 = Debug|Any CPU
		{4c080d0e-8460-62b9-dd64-a5d8c3f1665b}.Debug|Any CPU.ActiveCfg = Debug|Any CPU
		{4c080d0e-8460-62b9-dd64-a5d8c3f1665b}.Debug|Any CPU.Build.0 = Debug|Any CPU
		{90ff7370-9097-88b9-1cb1-7ac2e5fd3682}.Debug|Any CPU.ActiveCfg = Debug|Any CPU
		{90ff7370-9097-88b9-1cb1-7ac2e5fd3682}.Debug|Any CPU.Build.0 = Debug|Any CPU
		{44221fe5-4c4f-8d2f-4ed1-9027397dbbd3}.Debug|Any CPU.ActiveCfg = Debug|Any CPU
		{44221fe5-4c4f-8d2f-4ed1-9027397dbbd3}.Debug|Any CPU.Build.0 = Debug|Any CPU
		{9e8acb7d-6f49-421f-d7d9-68e08a5abbed}.Debug|Any CPU.ActiveCfg = Debug|Any CPU
		{9e8acb7d-6f49-421f-d7d9-68e08a5abbed}.Debug|Any CPU.Build.0 = Debug|Any CPU
		{fae2f32c-2e24-d325-79ce-cbadb9304b66}.Debug|Any CPU.ActiveCfg = Debug|Any CPU
		{fae2f32c-2e24-d325-79ce-cbadb9304b66}.Debug|Any CPU.Build.0 = Debug|Any CPU
		{4fa14bf1-0923-019a-adc7-3e59eb236959}.Debug|Any CPU.ActiveCfg = Debug|Any CPU
		{4fa14bf1-0923-019a-adc7-3e59eb236959}.Debug|Any CPU.Build.0 = Debug|Any CPU
		{91b49b2b-3b4f-937e-337b-690acd384db4}.Debug|Any CPU.ActiveCfg = Debug|Any CPU
		{91b49b2b-3b4f-937e-337b-690acd384db4}.Debug|Any CPU.Build.0 = Debug|Any CPU
		{0d42689e-059e-cea4-ce39-c838ed2655d7}.Debug|Any CPU.ActiveCfg = Debug|Any CPU
		{0d42689e-059e-cea4-ce39-c838ed2655d7}.Debug|Any CPU.Build.0 = Debug|Any CPU
		{6c046bc7-d45e-6668-b00e-f2c72bff7fbd}.Debug|Any CPU.ActiveCfg = Debug|Any CPU
		{6c046bc7-d45e-6668-b00e-f2c72bff7fbd}.Debug|Any CPU.Build.0 = Debug|Any CPU
		{f61d29a9-bb88-0c0a-924a-d7e46f790e99}.Debug|Any CPU.ActiveCfg = Debug|Any CPU
		{f61d29a9-bb88-0c0a-924a-d7e46f790e99}.Debug|Any CPU.Build.0 = Debug|Any CPU
		{c5822ef3-cda1-70b2-c63a-73917a3945c2}.Debug|Any CPU.ActiveCfg = Debug|Any CPU
		{c5822ef3-cda1-70b2-c63a-73917a3945c2}.Debug|Any CPU.Build.0 = Debug|Any CPU
		{d888347b-c358-78d2-b149-014fc32c5a06}.Debug|Any CPU.ActiveCfg = Debug|Any CPU
		{d888347b-c358-78d2-b149-014fc32c5a06}.Debug|Any CPU.Build.0 = Debug|Any CPU
		{3b3db0e0-626d-2f51-b654-b1a770b22c97}.Debug|Any CPU.ActiveCfg = Debug|Any CPU
		{3b3db0e0-626d-2f51-b654-b1a770b22c97}.Debug|Any CPU.Build.0 = Debug|Any CPU
		{70b897d1-130e-20a9-6f9d-f7dcba43466e}.Debug|Any CPU.ActiveCfg = Debug|Any CPU
		{70b897d1-130e-20a9-6f9d-f7dcba43466e}.Debug|Any CPU.Build.0 = Debug|Any CPU
		{7a486dec-b74a-690b-70f2-6c1f843908fa}.Debug|Any CPU.ActiveCfg = Debug|Any CPU
		{7a486dec-b74a-690b-70f2-6c1f843908fa}.Debug|Any CPU.Build.0 = Debug|Any CPU
		{b3f4b567-71f2-ee9f-45b2-3a27435faa40}.Debug|Any CPU.ActiveCfg = Debug|Any CPU
		{b3f4b567-71f2-ee9f-45b2-3a27435faa40}.Debug|Any CPU.Build.0 = Debug|Any CPU
		{9289baa7-b90f-79f0-dc3b-0f57d1cc8023}.Debug|Any CPU.ActiveCfg = Debug|Any CPU
		{9289baa7-b90f-79f0-dc3b-0f57d1cc8023}.Debug|Any CPU.Build.0 = Debug|Any CPU
		{4bc09d22-4b5e-a0d8-48c1-1c4440eec2f9}.Debug|Any CPU.ActiveCfg = Debug|Any CPU
		{4bc09d22-4b5e-a0d8-48c1-1c4440eec2f9}.Debug|Any CPU.Build.0 = Debug|Any CPU
		{6acc9013-9445-0ffd-7878-bdf2b21be076}.Debug|Any CPU.ActiveCfg = Debug|Any CPU
		{6acc9013-9445-0ffd-7878-bdf2b21be076}.Debug|Any CPU.Build.0 = Debug|Any CPU
		{47922b6a-1965-1850-8552-875e9ccba116}.Debug|Any CPU.ActiveCfg = Debug|Any CPU
		{47922b6a-1965-1850-8552-875e9ccba116}.Debug|Any CPU.Build.0 = Debug|Any CPU
		{cf8008e2-2a57-2f6b-b548-14a5060dcf09}.Debug|Any CPU.ActiveCfg = Debug|Any CPU
		{cf8008e2-2a57-2f6b-b548-14a5060dcf09}.Debug|Any CPU.Build.0 = Debug|Any CPU
		{6efef349-5f21-0bfe-ce27-516db7108b2f}.Debug|Any CPU.ActiveCfg = Debug|Any CPU
		{6efef349-5f21-0bfe-ce27-516db7108b2f}.Debug|Any CPU.Build.0 = Debug|Any CPU
		{2081ab20-8374-fb0b-92ec-f268067e28ef}.Debug|Any CPU.ActiveCfg = Debug|Any CPU
		{2081ab20-8374-fb0b-92ec-f268067e28ef}.Debug|Any CPU.Build.0 = Debug|Any CPU
		{ceb95611-c7ce-7d2c-3ca1-480615530166}.Debug|Any CPU.ActiveCfg = Debug|Any CPU
		{ceb95611-c7ce-7d2c-3ca1-480615530166}.Debug|Any CPU.Build.0 = Debug|Any CPU
		{103acb89-f81c-5277-79dd-120cefa5522d}.Debug|Any CPU.ActiveCfg = Debug|Any CPU
		{103acb89-f81c-5277-79dd-120cefa5522d}.Debug|Any CPU.Build.0 = Debug|Any CPU
		{bbf0699c-0fcb-ebcc-8e58-577d7d7224fa}.Debug|Any CPU.ActiveCfg = Debug|Any CPU
		{bbf0699c-0fcb-ebcc-8e58-577d7d7224fa}.Debug|Any CPU.Build.0 = Debug|Any CPU
		{53904714-3958-5a6c-69cb-089dd400848d}.Debug|Any CPU.ActiveCfg = Debug|Any CPU
		{53904714-3958-5a6c-69cb-089dd400848d}.Debug|Any CPU.Build.0 = Debug|Any CPU
		{75d43d3b-555b-541d-0111-f597bbd529ed}.Debug|Any CPU.ActiveCfg = Debug|Any CPU
		{75d43d3b-555b-541d-0111-f597bbd529ed}.Debug|Any CPU.Build.0 = Debug|Any CPU
		{ebcf09e6-a5f7-9ef1-9655-8b7f90a599b5}.Debug|Any CPU.ActiveCfg = Debug|Any CPU
		{ebcf09e6-a5f7-9ef1-9655-8b7f90a599b5}.Debug|Any CPU.Build.0 = Debug|Any CPU
		{007cdd7b-81b4-257c-da3c-8df2fb342707}.Debug|Any CPU.ActiveCfg = Debug|Any CPU
		{007cdd7b-81b4-257c-da3c-8df2fb342707}.Debug|Any CPU.Build.0 = Debug|Any CPU
		{e54e6f26-88cb-7423-ea68-f461d580313e}.Debug|Any CPU.ActiveCfg = Debug|Any CPU
		{e54e6f26-88cb-7423-ea68-f461d580313e}.Debug|Any CPU.Build.0 = Debug|Any CPU
		{f428f912-8bcd-2042-cbe2-4e0a4a344ad3}.Debug|Any CPU.ActiveCfg = Debug|Any CPU
		{f428f912-8bcd-2042-cbe2-4e0a4a344ad3}.Debug|Any CPU.Build.0 = Debug|Any CPU
		{57d7b8f6-45d9-c68c-8043-79efde0b882a}.Debug|Any CPU.ActiveCfg = Debug|Any CPU
		{57d7b8f6-45d9-c68c-8043-79efde0b882a}.Debug|Any CPU.Build.0 = Debug|Any CPU
		{2594c66c-41f7-7736-0290-4e1d320ef9d0}.Debug|Any CPU.ActiveCfg = Debug|Any CPU
		{2594c66c-41f7-7736-0290-4e1d320ef9d0}.Debug|Any CPU.Build.0 = Debug|Any CPU
		{dac7729e-3e93-a0c3-0fcf-0abccbd52f9d}.Debug|Any CPU.ActiveCfg = Debug|Any CPU
		{dac7729e-3e93-a0c3-0fcf-0abccbd52f9d}.Debug|Any CPU.Build.0 = Debug|Any CPU
		{d3f1cb75-638c-055c-623e-4f33a1be4c69}.Debug|Any CPU.ActiveCfg = Debug|Any CPU
		{d3f1cb75-638c-055c-623e-4f33a1be4c69}.Debug|Any CPU.Build.0 = Debug|Any CPU
		{2b91505c-9d52-d30c-a613-ec8132bb5672}.Debug|Any CPU.ActiveCfg = Debug|Any CPU
		{2b91505c-9d52-d30c-a613-ec8132bb5672}.Debug|Any CPU.Build.0 = Debug|Any CPU
		{ed656b28-9e65-fb7b-6afb-6d0f5a82ab33}.Debug|Any CPU.ActiveCfg = Debug|Any CPU
		{ed656b28-9e65-fb7b-6afb-6d0f5a82ab33}.Debug|Any CPU.Build.0 = Debug|Any CPU
		{18047d27-caa4-b4c0-2372-071cdcf3066d}.Debug|Any CPU.ActiveCfg = Debug|Any CPU
		{18047d27-caa4-b4c0-2372-071cdcf3066d}.Debug|Any CPU.Build.0 = Debug|Any CPU
		{6781a5ef-cac6-d463-20d0-5f8abd683226}.Debug|Any CPU.ActiveCfg = Debug|Any CPU
		{6781a5ef-cac6-d463-20d0-5f8abd683226}.Debug|Any CPU.Build.0 = Debug|Any CPU
		{b56cc5ca-9cf9-66c6-90d0-3dacdd0e9bd6}.Debug|Any CPU.ActiveCfg = Debug|Any CPU
		{b56cc5ca-9cf9-66c6-90d0-3dacdd0e9bd6}.Debug|Any CPU.Build.0 = Debug|Any CPU
		{c27cb215-6214-0a63-2505-7b9384c855c3}.Debug|Any CPU.ActiveCfg = Debug|Any CPU
		{c27cb215-6214-0a63-2505-7b9384c855c3}.Debug|Any CPU.Build.0 = Debug|Any CPU
		{313d66da-99cf-03cf-cc83-578b2db315ab}.Debug|Any CPU.ActiveCfg = Debug|Any CPU
		{313d66da-99cf-03cf-cc83-578b2db315ab}.Debug|Any CPU.Build.0 = Debug|Any CPU
		{d206245e-c241-6f9d-e7ea-3f0056b261da}.Debug|Any CPU.ActiveCfg = Debug|Any CPU
		{d206245e-c241-6f9d-e7ea-3f0056b261da}.Debug|Any CPU.Build.0 = Debug|Any CPU
	EndGlobalSection
	GlobalSection(SolutionProperties) = preSolution
		HideSolutionNode = FALSE
	EndGlobalSection
EndGlobal
