
Microsoft Visual Studio Solution File, Format Version 11.00
# Visual Studio 2010
Project("{FAE04EC0-301F-11D3-BF4B-00C04F79EFBC}") = "Unity.Timeline", "Unity.Timeline.csproj", "{6d7125a0-aa32-6bac-8efa-58d1a639f2c6}"
EndProject
Project("{FAE04EC0-301F-11D3-BF4B-00C04F79EFBC}") = "Unity.VisualScripting.Flow", "Unity.VisualScripting.Flow.csproj", "{178f9135-4a3d-9b8c-f709-f4ba16bbaac7}"
EndProject
Project("{FAE04EC0-301F-11D3-BF4B-00C04F79EFBC}") = "Unity.Timeline.Editor", "Unity.Timeline.Editor.csproj", "{f3875a3b-26d0-0fdd-0e4b-1d2e3f077cee}"
EndProject
Project("{FAE04EC0-301F-11D3-BF4B-00C04F79EFBC}") = "Unity.PlasticSCM.Editor", "Unity.PlasticSCM.Editor.csproj", "{c2aacbbb-bfeb-e14f-9095-28164ded5706}"
EndProject
Project("{FAE04EC0-301F-11D3-BF4B-00C04F79EFBC}") = "Unity.VisualScripting.Core.Editor", "Unity.VisualScripting.Core.Editor.csproj", "{237450ce-c2cd-b3e0-fb39-b037acd1fa34}"
EndProject
Project("{FAE04EC0-301F-11D3-BF4B-00C04F79EFBC}") = "UnityEngine.UI", "UnityEngine.UI.csproj", "{c09d0c45-ddac-b4a7-c379-34c16b867f58}"
EndProject
Project("{FAE04EC0-301F-11D3-BF4B-00C04F79EFBC}") = "UnityEditor.TestRunner", "UnityEditor.TestRunner.csproj", "{852352d1-e50a-087f-c8cb-587377022c75}"
EndProject
Project("{FAE04EC0-301F-11D3-BF4B-00C04F79EFBC}") = "UnityEngine.TestRunner", "UnityEngine.TestRunner.csproj", "{dd572d59-2792-7475-c169-e686def97365}"
EndProject
Project("{FAE04EC0-301F-11D3-BF4B-00C04F79EFBC}") = "Unity.VisualScripting.Core", "Unity.VisualScripting.Core.csproj", "{da0ce7f0-09aa-e601-737d-986516a00685}"
EndProject
Project("{FAE04EC0-301F-11D3-BF4B-00C04F79EFBC}") = "Unity.VisualScripting.Flow.Editor", "Unity.VisualScripting.Flow.Editor.csproj", "{ac7d0a30-6a46-bd39-b5e0-e34b0c5c619f}"
EndProject
Project("{FAE04EC0-301F-11D3-BF4B-00C04F79EFBC}") = "Unity.VisualStudio.Editor", "Unity.VisualStudio.Editor.csproj", "{412d94f2-1175-65e3-0191-9de13780586e}"
EndProject
Project("{FAE04EC0-301F-11D3-BF4B-00C04F79EFBC}") = "Unity.TextMeshPro.Editor", "Unity.TextMeshPro.Editor.csproj", "{64ae32e1-44a9-d872-d198-8b4d1e7ee851}"
EndProject
Project("{FAE04EC0-301F-11D3-BF4B-00C04F79EFBC}") = "Unity.TestTools.CodeCoverage.Editor.OpenCover.Model", "Unity.TestTools.CodeCoverage.Editor.OpenCover.Model.csproj", "{940d9c32-bafc-c5f9-9f9b-177893535379}"
EndProject
Project("{FAE04EC0-301F-11D3-BF4B-00C04F79EFBC}") = "Unity.Rider.Editor", "Unity.Rider.Editor.csproj", "{62a79cd2-6501-5d29-9203-04cf676dd77e}"
EndProject
Project("{FAE04EC0-301F-11D3-BF4B-00C04F79EFBC}") = "Unity.VisualScripting.State.Editor", "Unity.VisualScripting.State.Editor.csproj", "{1b5aa0d0-ca68-4916-d0da-2a3868e44428}"
EndProject
Project("{FAE04EC0-301F-11D3-BF4B-00C04F79EFBC}") = "Unity.TestTools.CodeCoverage.Editor", "Unity.TestTools.CodeCoverage.Editor.csproj", "{4c9b1174-7959-c212-a493-dbf1416f7403}"
EndProject
Project("{FAE04EC0-301F-11D3-BF4B-00C04F79EFBC}") = "Unity.VisualScripting.State", "Unity.VisualScripting.State.csproj", "{0eb07aae-d3c5-b1b9-fa37-fe43f39bfd4f}"
EndProject
Project("{FAE04EC0-301F-11D3-BF4B-00C04F79EFBC}") = "Unity.Performance.Profile-Analyzer.Editor", "Unity.Performance.Profile-Analyzer.Editor.csproj", "{cf604573-b1db-8ac8-b173-0193951cc1b6}"
EndProject
Project("{FAE04EC0-301F-11D3-BF4B-00C04F79EFBC}") = "UnityEditor.UI", "UnityEditor.UI.csproj", "{87f766c0-3a57-4a4e-964f-b94e9e886d9c}"
EndProject
Project("{FAE04EC0-301F-11D3-BF4B-00C04F79EFBC}") = "Unity.TextMeshPro", "Unity.TextMeshPro.csproj", "{96d3e345-9b03-f0d6-c185-c669c8df027c}"
EndProject
Project("{FAE04EC0-301F-11D3-BF4B-00C04F79EFBC}") = "Unity.VisualScripting.SettingsProvider.Editor", "Unity.VisualScripting.SettingsProvider.Editor.csproj", "{211cc262-1d0d-64fd-d954-7aa781f3580d}"
EndProject
Project("{FAE04EC0-301F-11D3-BF4B-00C04F79EFBC}") = "Unity.TestTools.CodeCoverage.Editor.OpenCover.Mono.Reflection", "Unity.TestTools.CodeCoverage.Editor.OpenCover.Mono.Reflection.csproj", "{19a01e47-e57b-2258-ba03-f8a64b79b432}"
EndProject
Project("{FAE04EC0-301F-11D3-BF4B-00C04F79EFBC}") = "Unity.Settings.Editor", "Unity.Settings.Editor.csproj", "{ab0384d1-9a68-c44b-a715-2b35695cc6ce}"
EndProject
Project("{FAE04EC0-301F-11D3-BF4B-00C04F79EFBC}") = "Assembly-CSharp", "Assembly-CSharp.csproj", "{ba7a1925-068b-ced7-11bd-6373fd08ccf3}"
EndProject
Project("{FAE04EC0-301F-11D3-BF4B-00C04F79EFBC}") = "Unity.VisualScripting.Shared.Editor", "Unity.VisualScripting.Shared.Editor.csproj", "{d1de2a03-f3c8-e0b1-49b0-e11f5952f716}"
EndProject
Project("{FAE04EC0-301F-11D3-BF4B-00C04F79EFBC}") = "Unity.EditorCoroutines.Editor", "Unity.EditorCoroutines.Editor.csproj", "{3265ee6c-5a5e-18be-8a1a-1cf1f4afd150}"
EndProject
Project("{FAE04EC0-301F-11D3-BF4B-00C04F79EFBC}") = "Unity.CollabProxy.Editor", "Unity.CollabProxy.Editor.csproj", "{ac3a9613-b7f4-5db2-51ef-d6cc4eb884cb}"
EndProject
Project("{FAE04EC0-301F-11D3-BF4B-00C04F79EFBC}") = "Unity.Timeline", "Unity.Timeline.Player.csproj", "{d32df6a0-5293-237b-3eff-ce44c690323b}"
EndProject
Project("{FAE04EC0-301F-11D3-BF4B-00C04F79EFBC}") = "Unity.VisualScripting.Flow", "Unity.VisualScripting.Flow.Player.csproj", "{0440795d-2442-5568-04a1-2d3a086277f6}"
EndProject
Project("{FAE04EC0-301F-11D3-BF4B-00C04F79EFBC}") = "UnityEngine.UI", "UnityEngine.UI.Player.csproj", "{227fb350-b1a1-9435-b444-e22f2daee658}"
EndProject
Project("{FAE04EC0-301F-11D3-BF4B-00C04F79EFBC}") = "UnityEngine.TestRunner", "UnityEngine.TestRunner.Player.csproj", "{0b0092f8-b5fa-f7df-a861-4195496b2628}"
EndProject
Project("{FAE04EC0-301F-11D3-BF4B-00C04F79EFBC}") = "Unity.VisualScripting.Core", "Unity.VisualScripting.Core.Player.csproj", "{fe42b089-c2e4-291a-b48f-19c54f187d7c}"
EndProject
Project("{FAE04EC0-301F-11D3-BF4B-00C04F79EFBC}") = "Unity.VisualScripting.State", "Unity.VisualScripting.State.Player.csproj", "{b15a132f-6bda-3deb-1ade-ea47fca9a8ef}"
EndProject
Project("{FAE04EC0-301F-11D3-BF4B-00C04F79EFBC}") = "Unity.TextMeshPro", "Unity.TextMeshPro.Player.csproj", "{ce431ca6-4742-95e8-d621-cc490fbe7824}"
EndProject
Project("{FAE04EC0-301F-11D3-BF4B-00C04F79EFBC}") = "Assembly-CSharp", "Assembly-CSharp.Player.csproj", "{9ed2893e-2c0d-bc36-fd40-6efb42eba1a2}"
EndProject
Project("{FAE04EC0-301F-11D3-BF4B-00C04F79EFBC}") = "Assembly-CSharp-Editor", "Assembly-CSharp-Editor.csproj", "{ede76fda-2c40-1ee6-7726-ecfa8c9459d4}"
EndProject
Project("{FAE04EC0-301F-11D3-BF4B-00C04F79EFBC}") = "Unity.TestTools.CodeCoverage.Editor.Compatibility", "Unity.TestTools.CodeCoverage.Editor.Compatibility.csproj", "{8821d365-77df-effa-81d5-6505ce63ffdf}"
EndProject
Project("{FAE04EC0-301F-11D3-BF4B-00C04F79EFBC}") = "Unity.TextMeshPro.Editor.Tests", "Unity.TextMeshPro.Editor.Tests.csproj", "{23a0cb75-fd15-9055-afc4-e8bec662a94a}"
EndProject
Project("{FAE04EC0-301F-11D3-BF4B-00C04F79EFBC}") = "DocCodeExamples", "DocCodeExamples.csproj", "{8ac89655-bcef-f7cb-4357-a38680c4332c}"
EndProject
Project("{FAE04EC0-301F-11D3-BF4B-00C04F79EFBC}") = "Unity.Performance.Profile-Analyzer.EditorTests", "Unity.Performance.Profile-Analyzer.EditorTests.csproj", "{b90dd48c-b775-6881-4c7d-623dbc8d7b0b}"
EndProject
Project("{FAE04EC0-301F-11D3-BF4B-00C04F79EFBC}") = "Unity.Settings.Tests", "Unity.Settings.Tests.csproj", "{a1695a75-3051-c0fd-b5f6-e737a3be50ab}"
EndProject
Project("{FAE04EC0-301F-11D3-BF4B-00C04F79EFBC}") = "UnityEngine.UI.Tests", "UnityEngine.UI.Tests.csproj", "{772600b3-a9da-95d2-afc4-a3e3aafb04ba}"
EndProject
Project("{FAE04EC0-301F-11D3-BF4B-00C04F79EFBC}") = "Unity.TextMeshPro.Tests", "Unity.TextMeshPro.Tests.csproj", "{d5745252-7ad0-7b76-78e2-0387ff9fe02a}"
EndProject
Project("{FAE04EC0-301F-11D3-BF4B-00C04F79EFBC}") = "UnityEditor.UI.EditorTests", "UnityEditor.UI.EditorTests.csproj", "{905af820-eecf-1b8b-c0b1-a80925d96714}"
EndProject
Global
	GlobalSection(SolutionConfigurationPlatforms) = preSolution
		Debug|Any CPU = Debug|Any CPU
	EndGlobalSection
	GlobalSection(ProjectConfigurationPlatforms) = postSolution
		{6d7125a0-aa32-6bac-8efa-58d1a639f2c6}.Debug|Any CPU.ActiveCfg = Debug|Any CPU
		{6d7125a0-aa32-6bac-8efa-58d1a639f2c6}.Debug|Any CPU.Build.0 = Debug|Any CPU
		{178f9135-4a3d-9b8c-f709-f4ba16bbaac7}.Debug|Any CPU.ActiveCfg = Debug|Any CPU
		{178f9135-4a3d-9b8c-f709-f4ba16bbaac7}.Debug|Any CPU.Build.0 = Debug|Any CPU
		{f3875a3b-26d0-0fdd-0e4b-1d2e3f077cee}.Debug|Any CPU.ActiveCfg = Debug|Any CPU
		{f3875a3b-26d0-0fdd-0e4b-1d2e3f077cee}.Debug|Any CPU.Build.0 = Debug|Any CPU
		{c2aacbbb-bfeb-e14f-9095-28164ded5706}.Debug|Any CPU.ActiveCfg = Debug|Any CPU
		{c2aacbbb-bfeb-e14f-9095-28164ded5706}.Debug|Any CPU.Build.0 = Debug|Any CPU
		{237450ce-c2cd-b3e0-fb39-b037acd1fa34}.Debug|Any CPU.ActiveCfg = Debug|Any CPU
		{237450ce-c2cd-b3e0-fb39-b037acd1fa34}.Debug|Any CPU.Build.0 = Debug|Any CPU
		{c09d0c45-ddac-b4a7-c379-34c16b867f58}.Debug|Any CPU.ActiveCfg = Debug|Any CPU
		{c09d0c45-ddac-b4a7-c379-34c16b867f58}.Debug|Any CPU.Build.0 = Debug|Any CPU
		{852352d1-e50a-087f-c8cb-587377022c75}.Debug|Any CPU.ActiveCfg = Debug|Any CPU
		{852352d1-e50a-087f-c8cb-587377022c75}.Debug|Any CPU.Build.0 = Debug|Any CPU
		{dd572d59-2792-7475-c169-e686def97365}.Debug|Any CPU.ActiveCfg = Debug|Any CPU
		{dd572d59-2792-7475-c169-e686def97365}.Debug|Any CPU.Build.0 = Debug|Any CPU
		{da0ce7f0-09aa-e601-737d-986516a00685}.Debug|Any CPU.ActiveCfg = Debug|Any CPU
		{da0ce7f0-09aa-e601-737d-986516a00685}.Debug|Any CPU.Build.0 = Debug|Any CPU
		{ac7d0a30-6a46-bd39-b5e0-e34b0c5c619f}.Debug|Any CPU.ActiveCfg = Debug|Any CPU
		{ac7d0a30-6a46-bd39-b5e0-e34b0c5c619f}.Debug|Any CPU.Build.0 = Debug|Any CPU
		{412d94f2-1175-65e3-0191-9de13780586e}.Debug|Any CPU.ActiveCfg = Debug|Any CPU
		{412d94f2-1175-65e3-0191-9de13780586e}.Debug|Any CPU.Build.0 = Debug|Any CPU
		{64ae32e1-44a9-d872-d198-8b4d1e7ee851}.Debug|Any CPU.ActiveCfg = Debug|Any CPU
		{64ae32e1-44a9-d872-d198-8b4d1e7ee851}.Debug|Any CPU.Build.0 = Debug|Any CPU
		{940d9c32-bafc-c5f9-9f9b-177893535379}.Debug|Any CPU.ActiveCfg = Debug|Any CPU
		{940d9c32-bafc-c5f9-9f9b-177893535379}.Debug|Any CPU.Build.0 = Debug|Any CPU
		{62a79cd2-6501-5d29-9203-04cf676dd77e}.Debug|Any CPU.ActiveCfg = Debug|Any CPU
		{62a79cd2-6501-5d29-9203-04cf676dd77e}.Debug|Any CPU.Build.0 = Debug|Any CPU
		{1b5aa0d0-ca68-4916-d0da-2a3868e44428}.Debug|Any CPU.ActiveCfg = Debug|Any CPU
		{1b5aa0d0-ca68-4916-d0da-2a3868e44428}.Debug|Any CPU.Build.0 = Debug|Any CPU
		{4c9b1174-7959-c212-a493-dbf1416f7403}.Debug|Any CPU.ActiveCfg = Debug|Any CPU
		{4c9b1174-7959-c212-a493-dbf1416f7403}.Debug|Any CPU.Build.0 = Debug|Any CPU
		{0eb07aae-d3c5-b1b9-fa37-fe43f39bfd4f}.Debug|Any CPU.ActiveCfg = Debug|Any CPU
		{0eb07aae-d3c5-b1b9-fa37-fe43f39bfd4f}.Debug|Any CPU.Build.0 = Debug|Any CPU
		{cf604573-b1db-8ac8-b173-0193951cc1b6}.Debug|Any CPU.ActiveCfg = Debug|Any CPU
		{cf604573-b1db-8ac8-b173-0193951cc1b6}.Debug|Any CPU.Build.0 = Debug|Any CPU
		{87f766c0-3a57-4a4e-964f-b94e9e886d9c}.Debug|Any CPU.ActiveCfg = Debug|Any CPU
		{87f766c0-3a57-4a4e-964f-b94e9e886d9c}.Debug|Any CPU.Build.0 = Debug|Any CPU
		{96d3e345-9b03-f0d6-c185-c669c8df027c}.Debug|Any CPU.ActiveCfg = Debug|Any CPU
		{96d3e345-9b03-f0d6-c185-c669c8df027c}.Debug|Any CPU.Build.0 = Debug|Any CPU
		{211cc262-1d0d-64fd-d954-7aa781f3580d}.Debug|Any CPU.ActiveCfg = Debug|Any CPU
		{211cc262-1d0d-64fd-d954-7aa781f3580d}.Debug|Any CPU.Build.0 = Debug|Any CPU
		{19a01e47-e57b-2258-ba03-f8a64b79b432}.Debug|Any CPU.ActiveCfg = Debug|Any CPU
		{19a01e47-e57b-2258-ba03-f8a64b79b432}.Debug|Any CPU.Build.0 = Debug|Any CPU
		{ab0384d1-9a68-c44b-a715-2b35695cc6ce}.Debug|Any CPU.ActiveCfg = Debug|Any CPU
		{ab0384d1-9a68-c44b-a715-2b35695cc6ce}.Debug|Any CPU.Build.0 = Debug|Any CPU
		{ba7a1925-068b-ced7-11bd-6373fd08ccf3}.Debug|Any CPU.ActiveCfg = Debug|Any CPU
		{ba7a1925-068b-ced7-11bd-6373fd08ccf3}.Debug|Any CPU.Build.0 = Debug|Any CPU
		{d1de2a03-f3c8-e0b1-49b0-e11f5952f716}.Debug|Any CPU.ActiveCfg = Debug|Any CPU
		{d1de2a03-f3c8-e0b1-49b0-e11f5952f716}.Debug|Any CPU.Build.0 = Debug|Any CPU
		{3265ee6c-5a5e-18be-8a1a-1cf1f4afd150}.Debug|Any CPU.ActiveCfg = Debug|Any CPU
		{3265ee6c-5a5e-18be-8a1a-1cf1f4afd150}.Debug|Any CPU.Build.0 = Debug|Any CPU
		{ac3a9613-b7f4-5db2-51ef-d6cc4eb884cb}.Debug|Any CPU.ActiveCfg = Debug|Any CPU
		{ac3a9613-b7f4-5db2-51ef-d6cc4eb884cb}.Debug|Any CPU.Build.0 = Debug|Any CPU
		{d32df6a0-5293-237b-3eff-ce44c690323b}.Debug|Any CPU.ActiveCfg = Debug|Any CPU
		{d32df6a0-5293-237b-3eff-ce44c690323b}.Debug|Any CPU.Build.0 = Debug|Any CPU
		{0440795d-2442-5568-04a1-2d3a086277f6}.Debug|Any CPU.ActiveCfg = Debug|Any CPU
		{0440795d-2442-5568-04a1-2d3a086277f6}.Debug|Any CPU.Build.0 = Debug|Any CPU
		{227fb350-b1a1-9435-b444-e22f2daee658}.Debug|Any CPU.ActiveCfg = Debug|Any CPU
		{227fb350-b1a1-9435-b444-e22f2daee658}.Debug|Any CPU.Build.0 = Debug|Any CPU
		{0b0092f8-b5fa-f7df-a861-4195496b2628}.Debug|Any CPU.ActiveCfg = Debug|Any CPU
		{0b0092f8-b5fa-f7df-a861-4195496b2628}.Debug|Any CPU.Build.0 = Debug|Any CPU
		{fe42b089-c2e4-291a-b48f-19c54f187d7c}.Debug|Any CPU.ActiveCfg = Debug|Any CPU
		{fe42b089-c2e4-291a-b48f-19c54f187d7c}.Debug|Any CPU.Build.0 = Debug|Any CPU
		{b15a132f-6bda-3deb-1ade-ea47fca9a8ef}.Debug|Any CPU.ActiveCfg = Debug|Any CPU
		{b15a132f-6bda-3deb-1ade-ea47fca9a8ef}.Debug|Any CPU.Build.0 = Debug|Any CPU
		{ce431ca6-4742-95e8-d621-cc490fbe7824}.Debug|Any CPU.ActiveCfg = Debug|Any CPU
		{ce431ca6-4742-95e8-d621-cc490fbe7824}.Debug|Any CPU.Build.0 = Debug|Any CPU
		{9ed2893e-2c0d-bc36-fd40-6efb42eba1a2}.Debug|Any CPU.ActiveCfg = Debug|Any CPU
		{9ed2893e-2c0d-bc36-fd40-6efb42eba1a2}.Debug|Any CPU.Build.0 = Debug|Any CPU
		{ede76fda-2c40-1ee6-7726-ecfa8c9459d4}.Debug|Any CPU.ActiveCfg = Debug|Any CPU
		{ede76fda-2c40-1ee6-7726-ecfa8c9459d4}.Debug|Any CPU.Build.0 = Debug|Any CPU
		{8821d365-77df-effa-81d5-6505ce63ffdf}.Debug|Any CPU.ActiveCfg = Debug|Any CPU
		{8821d365-77df-effa-81d5-6505ce63ffdf}.Debug|Any CPU.Build.0 = Debug|Any CPU
		{23a0cb75-fd15-9055-afc4-e8bec662a94a}.Debug|Any CPU.ActiveCfg = Debug|Any CPU
		{23a0cb75-fd15-9055-afc4-e8bec662a94a}.Debug|Any CPU.Build.0 = Debug|Any CPU
		{8ac89655-bcef-f7cb-4357-a38680c4332c}.Debug|Any CPU.ActiveCfg = Debug|Any CPU
		{8ac89655-bcef-f7cb-4357-a38680c4332c}.Debug|Any CPU.Build.0 = Debug|Any CPU
		{b90dd48c-b775-6881-4c7d-623dbc8d7b0b}.Debug|Any CPU.ActiveCfg = Debug|Any CPU
		{b90dd48c-b775-6881-4c7d-623dbc8d7b0b}.Debug|Any CPU.Build.0 = Debug|Any CPU
		{a1695a75-3051-c0fd-b5f6-e737a3be50ab}.Debug|Any CPU.ActiveCfg = Debug|Any CPU
		{a1695a75-3051-c0fd-b5f6-e737a3be50ab}.Debug|Any CPU.Build.0 = Debug|Any CPU
		{772600b3-a9da-95d2-afc4-a3e3aafb04ba}.Debug|Any CPU.ActiveCfg = Debug|Any CPU
		{772600b3-a9da-95d2-afc4-a3e3aafb04ba}.Debug|Any CPU.Build.0 = Debug|Any CPU
		{d5745252-7ad0-7b76-78e2-0387ff9fe02a}.Debug|Any CPU.ActiveCfg = Debug|Any CPU
		{d5745252-7ad0-7b76-78e2-0387ff9fe02a}.Debug|Any CPU.Build.0 = Debug|Any CPU
		{905af820-eecf-1b8b-c0b1-a80925d96714}.Debug|Any CPU.ActiveCfg = Debug|Any CPU
		{905af820-eecf-1b8b-c0b1-a80925d96714}.Debug|Any CPU.Build.0 = Debug|Any CPU
	EndGlobalSection
	GlobalSection(SolutionProperties) = preSolution
		HideSolutionNode = FALSE
	EndGlobalSection
EndGlobal
