
Microsoft Visual Studio Solution File, Format Version 11.00
# Visual Studio 2010
Project("{FAE04EC0-301F-11D3-BF4B-00C04F79EFBC}") = "Unity.Timeline", "Unity.Timeline.csproj", "{cfc22706-6386-f29a-f0ee-fca6d81556dd}"
EndProject
Project("{FAE04EC0-301F-11D3-BF4B-00C04F79EFBC}") = "Unity.Timeline.Editor", "Unity.Timeline.Editor.csproj", "{b4e8ae64-afc0-b97b-3b72-9ea209d016ba}"
EndProject
Project("{FAE04EC0-301F-11D3-BF4B-00C04F79EFBC}") = "Unity.TextMeshPro.Editor", "Unity.TextMeshPro.Editor.csproj", "{7adf6609-8763-654d-45fa-5dffcad33aa4}"
EndProject
Project("{FAE04EC0-301F-11D3-BF4B-00C04F79EFBC}") = "Unity.VisualScripting.Flow", "Unity.VisualScripting.Flow.csproj", "{c2dfd9cb-de12-cdd9-c054-c7939fe939c0}"
EndProject
Project("{FAE04EC0-301F-11D3-BF4B-00C04F79EFBC}") = "UnityEditor.UI", "UnityEditor.UI.csproj", "{907b3aa4-003c-1fbf-4088-2af704568c30}"
EndProject
Project("{FAE04EC0-301F-11D3-BF4B-00C04F79EFBC}") = "Unity.PlasticSCM.Editor", "Unity.PlasticSCM.Editor.csproj", "{6088c209-b8aa-d284-4280-d097d892e3b6}"
EndProject
Project("{FAE04EC0-301F-11D3-BF4B-00C04F79EFBC}") = "Unity.VisualScripting.Core", "Unity.VisualScripting.Core.csproj", "{f0225d80-8d74-5c05-80f3-eb5d180be51e}"
EndProject
Project("{FAE04EC0-301F-11D3-BF4B-00C04F79EFBC}") = "Unity.VisualScripting.Core.Editor", "Unity.VisualScripting.Core.Editor.csproj", "{1793d67b-6e17-04c1-6c14-fd0133fb81c1}"
EndProject
Project("{FAE04EC0-301F-11D3-BF4B-00C04F79EFBC}") = "Unity.VisualScripting.Flow.Editor", "Unity.VisualScripting.Flow.Editor.csproj", "{7d918767-ccfa-c116-d653-3e7e2732ae91}"
EndProject
Project("{FAE04EC0-301F-11D3-BF4B-00C04F79EFBC}") = "UnityEditor.TestRunner", "UnityEditor.TestRunner.csproj", "{bc8828e4-c33f-e716-c286-1f31ad2597a8}"
EndProject
Project("{FAE04EC0-301F-11D3-BF4B-00C04F79EFBC}") = "Unity.VisualScripting.SettingsProvider.Editor", "Unity.VisualScripting.SettingsProvider.Editor.csproj", "{f3ef2d9d-f3bc-4173-5bfe-7a3b12659358}"
EndProject
Project("{FAE04EC0-301F-11D3-BF4B-00C04F79EFBC}") = "UnityEngine.TestRunner", "UnityEngine.TestRunner.csproj", "{35899ab5-ba0f-bb9e-d609-5df4560f57a1}"
EndProject
Project("{FAE04EC0-301F-11D3-BF4B-00C04F79EFBC}") = "UnityEngine.UI", "UnityEngine.UI.csproj", "{2b5a753b-ec20-4a36-a72f-7a507fddea2c}"
EndProject
Project("{FAE04EC0-301F-11D3-BF4B-00C04F79EFBC}") = "Unity.VisualStudio.Editor", "Unity.VisualStudio.Editor.csproj", "{be15cf51-c870-ece5-24c5-44d3038848e7}"
EndProject
Project("{FAE04EC0-301F-11D3-BF4B-00C04F79EFBC}") = "Unity.TestTools.CodeCoverage.Editor.OpenCover.Model", "Unity.TestTools.CodeCoverage.Editor.OpenCover.Model.csproj", "{82e38da1-7465-be27-bf99-f8fb5e86df43}"
EndProject
Project("{FAE04EC0-301F-11D3-BF4B-00C04F79EFBC}") = "Unity.Rider.Editor", "Unity.Rider.Editor.csproj", "{97ce2e2b-a991-8038-5893-1e3aa9541de9}"
EndProject
Project("{FAE04EC0-301F-11D3-BF4B-00C04F79EFBC}") = "Assembly-CSharp", "Assembly-CSharp.csproj", "{0445f94a-144d-fcac-4eab-c6055b6e770a}"
EndProject
Project("{FAE04EC0-301F-11D3-BF4B-00C04F79EFBC}") = "Unity.VisualScripting.State.Editor", "Unity.VisualScripting.State.Editor.csproj", "{fa2bef4c-b12c-76a3-4509-e53fa9d0490a}"
EndProject
Project("{FAE04EC0-301F-11D3-BF4B-00C04F79EFBC}") = "Unity.TestTools.CodeCoverage.Editor", "Unity.TestTools.CodeCoverage.Editor.csproj", "{4416834b-76f2-2671-c744-2a0931657358}"
EndProject
Project("{FAE04EC0-301F-11D3-BF4B-00C04F79EFBC}") = "Unity.VisualScripting.State", "Unity.VisualScripting.State.csproj", "{c19ebb23-6fe0-cf7d-b182-a626fabf418e}"
EndProject
Project("{FAE04EC0-301F-11D3-BF4B-00C04F79EFBC}") = "Unity.TextMeshPro", "Unity.TextMeshPro.csproj", "{d10d984e-d655-d4b5-9e7a-a5c49289bbc3}"
EndProject
Project("{FAE04EC0-301F-11D3-BF4B-00C04F79EFBC}") = "Unity.Performance.Profile-Analyzer.Editor", "Unity.Performance.Profile-Analyzer.Editor.csproj", "{8fdc1c73-1c87-63ee-5e0d-ad75b810a467}"
EndProject
Project("{FAE04EC0-301F-11D3-BF4B-00C04F79EFBC}") = "Unity.VSCode.Editor", "Unity.VSCode.Editor.csproj", "{a199cab9-1361-cffb-6d02-ef86bb94ccf1}"
EndProject
Project("{FAE04EC0-301F-11D3-BF4B-00C04F79EFBC}") = "Unity.TestTools.CodeCoverage.Editor.OpenCover.Mono.Reflection", "Unity.TestTools.CodeCoverage.Editor.OpenCover.Mono.Reflection.csproj", "{39439e5f-5309-4654-7124-4207a5ceff2f}"
EndProject
Project("{FAE04EC0-301F-11D3-BF4B-00C04F79EFBC}") = "Unity.Settings.Editor", "Unity.Settings.Editor.csproj", "{2f88b87f-914f-c198-4224-a5b8bc482b6a}"
EndProject
Project("{FAE04EC0-301F-11D3-BF4B-00C04F79EFBC}") = "Unity.EditorCoroutines.Editor", "Unity.EditorCoroutines.Editor.csproj", "{e92f6bb6-276f-bbc0-1a4a-93eda0015408}"
EndProject
Project("{FAE04EC0-301F-11D3-BF4B-00C04F79EFBC}") = "Unity.VisualScripting.Shared.Editor", "Unity.VisualScripting.Shared.Editor.csproj", "{bf0c6855-efa4-2b83-801f-e76057ba378e}"
EndProject
Project("{FAE04EC0-301F-11D3-BF4B-00C04F79EFBC}") = "Unity.CollabProxy.Editor", "Unity.CollabProxy.Editor.csproj", "{0c95dba8-0758-c6a4-03b6-6555b50c23fe}"
EndProject
Project("{FAE04EC0-301F-11D3-BF4B-00C04F79EFBC}") = "Unity.Timeline", "Unity.Timeline.Player.csproj", "{e8dd489d-20ce-fd1c-e388-f18081dd0437}"
EndProject
Project("{FAE04EC0-301F-11D3-BF4B-00C04F79EFBC}") = "Unity.VisualScripting.Flow", "Unity.VisualScripting.Flow.Player.csproj", "{535d0da2-03e9-6bd5-5917-d18be4f939ac}"
EndProject
Project("{FAE04EC0-301F-11D3-BF4B-00C04F79EFBC}") = "Unity.VisualScripting.Core", "Unity.VisualScripting.Core.Player.csproj", "{c5d9ca7d-3954-3e5f-2ade-df77512043b5}"
EndProject
Project("{FAE04EC0-301F-11D3-BF4B-00C04F79EFBC}") = "UnityEngine.TestRunner", "UnityEngine.TestRunner.Player.csproj", "{4663b68b-42a3-dc0f-9792-62aed6df6856}"
EndProject
Project("{FAE04EC0-301F-11D3-BF4B-00C04F79EFBC}") = "UnityEngine.UI", "UnityEngine.UI.Player.csproj", "{9583eb7b-fcd7-f5be-8756-1122ede908c7}"
EndProject
Project("{FAE04EC0-301F-11D3-BF4B-00C04F79EFBC}") = "Assembly-CSharp", "Assembly-CSharp.Player.csproj", "{242bd08d-6e29-46a6-fa79-183a4e1e9e42}"
EndProject
Project("{FAE04EC0-301F-11D3-BF4B-00C04F79EFBC}") = "Unity.VisualScripting.State", "Unity.VisualScripting.State.Player.csproj", "{0bdfcb11-094a-2722-119a-26989147db2d}"
EndProject
Project("{FAE04EC0-301F-11D3-BF4B-00C04F79EFBC}") = "Unity.TextMeshPro", "Unity.TextMeshPro.Player.csproj", "{ead7d6fc-61bb-2ad2-c04e-13a5e453ae40}"
EndProject
Project("{FAE04EC0-301F-11D3-BF4B-00C04F79EFBC}") = "Assembly-CSharp-Editor", "Assembly-CSharp-Editor.csproj", "{52a8f8c9-9864-a297-1365-99a770b3651d}"
EndProject
Project("{FAE04EC0-301F-11D3-BF4B-00C04F79EFBC}") = "Unity.TestTools.CodeCoverage.Editor.Compatibility", "Unity.TestTools.CodeCoverage.Editor.Compatibility.csproj", "{7e764978-800d-d585-a558-116d42909a09}"
EndProject
Project("{FAE04EC0-301F-11D3-BF4B-00C04F79EFBC}") = "Unity.TextMeshPro.Editor.Tests", "Unity.TextMeshPro.Editor.Tests.csproj", "{7e2029b4-c76f-6d9a-1c65-587a52193bc5}"
EndProject
Project("{FAE04EC0-301F-11D3-BF4B-00C04F79EFBC}") = "DocCodeExamples", "DocCodeExamples.csproj", "{2fcc87a5-3e84-6af7-e894-cba54cb542c3}"
EndProject
Project("{FAE04EC0-301F-11D3-BF4B-00C04F79EFBC}") = "Unity.Performance.Profile-Analyzer.EditorTests", "Unity.Performance.Profile-Analyzer.EditorTests.csproj", "{ccdb4225-3244-c689-7acb-5fba5b9563b0}"
EndProject
Project("{FAE04EC0-301F-11D3-BF4B-00C04F79EFBC}") = "Unity.Settings.Tests", "Unity.Settings.Tests.csproj", "{d4e69a98-1644-5bb9-96e2-557a88e20474}"
EndProject
Project("{FAE04EC0-301F-11D3-BF4B-00C04F79EFBC}") = "UnityEngine.UI.Tests", "UnityEngine.UI.Tests.csproj", "{aa4bd2ec-91a2-dc69-323c-17e1db32b2ea}"
EndProject
Project("{FAE04EC0-301F-11D3-BF4B-00C04F79EFBC}") = "Unity.TextMeshPro.Tests", "Unity.TextMeshPro.Tests.csproj", "{6e26218c-262a-045f-df49-c82b5dd27f79}"
EndProject
Project("{FAE04EC0-301F-11D3-BF4B-00C04F79EFBC}") = "UnityEditor.UI.EditorTests", "UnityEditor.UI.EditorTests.csproj", "{1ca5a641-4682-e95e-aa94-46bd019f434a}"
EndProject
Global
	GlobalSection(SolutionConfigurationPlatforms) = preSolution
		Debug|Any CPU = Debug|Any CPU
	EndGlobalSection
	GlobalSection(ProjectConfigurationPlatforms) = postSolution
		{cfc22706-6386-f29a-f0ee-fca6d81556dd}.Debug|Any CPU.ActiveCfg = Debug|Any CPU
		{cfc22706-6386-f29a-f0ee-fca6d81556dd}.Debug|Any CPU.Build.0 = Debug|Any CPU
		{b4e8ae64-afc0-b97b-3b72-9ea209d016ba}.Debug|Any CPU.ActiveCfg = Debug|Any CPU
		{b4e8ae64-afc0-b97b-3b72-9ea209d016ba}.Debug|Any CPU.Build.0 = Debug|Any CPU
		{7adf6609-8763-654d-45fa-5dffcad33aa4}.Debug|Any CPU.ActiveCfg = Debug|Any CPU
		{7adf6609-8763-654d-45fa-5dffcad33aa4}.Debug|Any CPU.Build.0 = Debug|Any CPU
		{c2dfd9cb-de12-cdd9-c054-c7939fe939c0}.Debug|Any CPU.ActiveCfg = Debug|Any CPU
		{c2dfd9cb-de12-cdd9-c054-c7939fe939c0}.Debug|Any CPU.Build.0 = Debug|Any CPU
		{907b3aa4-003c-1fbf-4088-2af704568c30}.Debug|Any CPU.ActiveCfg = Debug|Any CPU
		{907b3aa4-003c-1fbf-4088-2af704568c30}.Debug|Any CPU.Build.0 = Debug|Any CPU
		{6088c209-b8aa-d284-4280-d097d892e3b6}.Debug|Any CPU.ActiveCfg = Debug|Any CPU
		{6088c209-b8aa-d284-4280-d097d892e3b6}.Debug|Any CPU.Build.0 = Debug|Any CPU
		{f0225d80-8d74-5c05-80f3-eb5d180be51e}.Debug|Any CPU.ActiveCfg = Debug|Any CPU
		{f0225d80-8d74-5c05-80f3-eb5d180be51e}.Debug|Any CPU.Build.0 = Debug|Any CPU
		{1793d67b-6e17-04c1-6c14-fd0133fb81c1}.Debug|Any CPU.ActiveCfg = Debug|Any CPU
		{1793d67b-6e17-04c1-6c14-fd0133fb81c1}.Debug|Any CPU.Build.0 = Debug|Any CPU
		{7d918767-ccfa-c116-d653-3e7e2732ae91}.Debug|Any CPU.ActiveCfg = Debug|Any CPU
		{7d918767-ccfa-c116-d653-3e7e2732ae91}.Debug|Any CPU.Build.0 = Debug|Any CPU
		{bc8828e4-c33f-e716-c286-1f31ad2597a8}.Debug|Any CPU.ActiveCfg = Debug|Any CPU
		{bc8828e4-c33f-e716-c286-1f31ad2597a8}.Debug|Any CPU.Build.0 = Debug|Any CPU
		{f3ef2d9d-f3bc-4173-5bfe-7a3b12659358}.Debug|Any CPU.ActiveCfg = Debug|Any CPU
		{f3ef2d9d-f3bc-4173-5bfe-7a3b12659358}.Debug|Any CPU.Build.0 = Debug|Any CPU
		{35899ab5-ba0f-bb9e-d609-5df4560f57a1}.Debug|Any CPU.ActiveCfg = Debug|Any CPU
		{35899ab5-ba0f-bb9e-d609-5df4560f57a1}.Debug|Any CPU.Build.0 = Debug|Any CPU
		{2b5a753b-ec20-4a36-a72f-7a507fddea2c}.Debug|Any CPU.ActiveCfg = Debug|Any CPU
		{2b5a753b-ec20-4a36-a72f-7a507fddea2c}.Debug|Any CPU.Build.0 = Debug|Any CPU
		{be15cf51-c870-ece5-24c5-44d3038848e7}.Debug|Any CPU.ActiveCfg = Debug|Any CPU
		{be15cf51-c870-ece5-24c5-44d3038848e7}.Debug|Any CPU.Build.0 = Debug|Any CPU
		{82e38da1-7465-be27-bf99-f8fb5e86df43}.Debug|Any CPU.ActiveCfg = Debug|Any CPU
		{82e38da1-7465-be27-bf99-f8fb5e86df43}.Debug|Any CPU.Build.0 = Debug|Any CPU
		{97ce2e2b-a991-8038-5893-1e3aa9541de9}.Debug|Any CPU.ActiveCfg = Debug|Any CPU
		{97ce2e2b-a991-8038-5893-1e3aa9541de9}.Debug|Any CPU.Build.0 = Debug|Any CPU
		{0445f94a-144d-fcac-4eab-c6055b6e770a}.Debug|Any CPU.ActiveCfg = Debug|Any CPU
		{0445f94a-144d-fcac-4eab-c6055b6e770a}.Debug|Any CPU.Build.0 = Debug|Any CPU
		{fa2bef4c-b12c-76a3-4509-e53fa9d0490a}.Debug|Any CPU.ActiveCfg = Debug|Any CPU
		{fa2bef4c-b12c-76a3-4509-e53fa9d0490a}.Debug|Any CPU.Build.0 = Debug|Any CPU
		{4416834b-76f2-2671-c744-2a0931657358}.Debug|Any CPU.ActiveCfg = Debug|Any CPU
		{4416834b-76f2-2671-c744-2a0931657358}.Debug|Any CPU.Build.0 = Debug|Any CPU
		{c19ebb23-6fe0-cf7d-b182-a626fabf418e}.Debug|Any CPU.ActiveCfg = Debug|Any CPU
		{c19ebb23-6fe0-cf7d-b182-a626fabf418e}.Debug|Any CPU.Build.0 = Debug|Any CPU
		{d10d984e-d655-d4b5-9e7a-a5c49289bbc3}.Debug|Any CPU.ActiveCfg = Debug|Any CPU
		{d10d984e-d655-d4b5-9e7a-a5c49289bbc3}.Debug|Any CPU.Build.0 = Debug|Any CPU
		{8fdc1c73-1c87-63ee-5e0d-ad75b810a467}.Debug|Any CPU.ActiveCfg = Debug|Any CPU
		{8fdc1c73-1c87-63ee-5e0d-ad75b810a467}.Debug|Any CPU.Build.0 = Debug|Any CPU
		{a199cab9-1361-cffb-6d02-ef86bb94ccf1}.Debug|Any CPU.ActiveCfg = Debug|Any CPU
		{a199cab9-1361-cffb-6d02-ef86bb94ccf1}.Debug|Any CPU.Build.0 = Debug|Any CPU
		{39439e5f-5309-4654-7124-4207a5ceff2f}.Debug|Any CPU.ActiveCfg = Debug|Any CPU
		{39439e5f-5309-4654-7124-4207a5ceff2f}.Debug|Any CPU.Build.0 = Debug|Any CPU
		{2f88b87f-914f-c198-4224-a5b8bc482b6a}.Debug|Any CPU.ActiveCfg = Debug|Any CPU
		{2f88b87f-914f-c198-4224-a5b8bc482b6a}.Debug|Any CPU.Build.0 = Debug|Any CPU
		{e92f6bb6-276f-bbc0-1a4a-93eda0015408}.Debug|Any CPU.ActiveCfg = Debug|Any CPU
		{e92f6bb6-276f-bbc0-1a4a-93eda0015408}.Debug|Any CPU.Build.0 = Debug|Any CPU
		{bf0c6855-efa4-2b83-801f-e76057ba378e}.Debug|Any CPU.ActiveCfg = Debug|Any CPU
		{bf0c6855-efa4-2b83-801f-e76057ba378e}.Debug|Any CPU.Build.0 = Debug|Any CPU
		{0c95dba8-0758-c6a4-03b6-6555b50c23fe}.Debug|Any CPU.ActiveCfg = Debug|Any CPU
		{0c95dba8-0758-c6a4-03b6-6555b50c23fe}.Debug|Any CPU.Build.0 = Debug|Any CPU
		{e8dd489d-20ce-fd1c-e388-f18081dd0437}.Debug|Any CPU.ActiveCfg = Debug|Any CPU
		{e8dd489d-20ce-fd1c-e388-f18081dd0437}.Debug|Any CPU.Build.0 = Debug|Any CPU
		{535d0da2-03e9-6bd5-5917-d18be4f939ac}.Debug|Any CPU.ActiveCfg = Debug|Any CPU
		{535d0da2-03e9-6bd5-5917-d18be4f939ac}.Debug|Any CPU.Build.0 = Debug|Any CPU
		{c5d9ca7d-3954-3e5f-2ade-df77512043b5}.Debug|Any CPU.ActiveCfg = Debug|Any CPU
		{c5d9ca7d-3954-3e5f-2ade-df77512043b5}.Debug|Any CPU.Build.0 = Debug|Any CPU
		{4663b68b-42a3-dc0f-9792-62aed6df6856}.Debug|Any CPU.ActiveCfg = Debug|Any CPU
		{4663b68b-42a3-dc0f-9792-62aed6df6856}.Debug|Any CPU.Build.0 = Debug|Any CPU
		{9583eb7b-fcd7-f5be-8756-1122ede908c7}.Debug|Any CPU.ActiveCfg = Debug|Any CPU
		{9583eb7b-fcd7-f5be-8756-1122ede908c7}.Debug|Any CPU.Build.0 = Debug|Any CPU
		{242bd08d-6e29-46a6-fa79-183a4e1e9e42}.Debug|Any CPU.ActiveCfg = Debug|Any CPU
		{242bd08d-6e29-46a6-fa79-183a4e1e9e42}.Debug|Any CPU.Build.0 = Debug|Any CPU
		{0bdfcb11-094a-2722-119a-26989147db2d}.Debug|Any CPU.ActiveCfg = Debug|Any CPU
		{0bdfcb11-094a-2722-119a-26989147db2d}.Debug|Any CPU.Build.0 = Debug|Any CPU
		{ead7d6fc-61bb-2ad2-c04e-13a5e453ae40}.Debug|Any CPU.ActiveCfg = Debug|Any CPU
		{ead7d6fc-61bb-2ad2-c04e-13a5e453ae40}.Debug|Any CPU.Build.0 = Debug|Any CPU
		{52a8f8c9-9864-a297-1365-99a770b3651d}.Debug|Any CPU.ActiveCfg = Debug|Any CPU
		{52a8f8c9-9864-a297-1365-99a770b3651d}.Debug|Any CPU.Build.0 = Debug|Any CPU
		{7e764978-800d-d585-a558-116d42909a09}.Debug|Any CPU.ActiveCfg = Debug|Any CPU
		{7e764978-800d-d585-a558-116d42909a09}.Debug|Any CPU.Build.0 = Debug|Any CPU
		{7e2029b4-c76f-6d9a-1c65-587a52193bc5}.Debug|Any CPU.ActiveCfg = Debug|Any CPU
		{7e2029b4-c76f-6d9a-1c65-587a52193bc5}.Debug|Any CPU.Build.0 = Debug|Any CPU
		{2fcc87a5-3e84-6af7-e894-cba54cb542c3}.Debug|Any CPU.ActiveCfg = Debug|Any CPU
		{2fcc87a5-3e84-6af7-e894-cba54cb542c3}.Debug|Any CPU.Build.0 = Debug|Any CPU
		{ccdb4225-3244-c689-7acb-5fba5b9563b0}.Debug|Any CPU.ActiveCfg = Debug|Any CPU
		{ccdb4225-3244-c689-7acb-5fba5b9563b0}.Debug|Any CPU.Build.0 = Debug|Any CPU
		{d4e69a98-1644-5bb9-96e2-557a88e20474}.Debug|Any CPU.ActiveCfg = Debug|Any CPU
		{d4e69a98-1644-5bb9-96e2-557a88e20474}.Debug|Any CPU.Build.0 = Debug|Any CPU
		{aa4bd2ec-91a2-dc69-323c-17e1db32b2ea}.Debug|Any CPU.ActiveCfg = Debug|Any CPU
		{aa4bd2ec-91a2-dc69-323c-17e1db32b2ea}.Debug|Any CPU.Build.0 = Debug|Any CPU
		{6e26218c-262a-045f-df49-c82b5dd27f79}.Debug|Any CPU.ActiveCfg = Debug|Any CPU
		{6e26218c-262a-045f-df49-c82b5dd27f79}.Debug|Any CPU.Build.0 = Debug|Any CPU
		{1ca5a641-4682-e95e-aa94-46bd019f434a}.Debug|Any CPU.ActiveCfg = Debug|Any CPU
		{1ca5a641-4682-e95e-aa94-46bd019f434a}.Debug|Any CPU.Build.0 = Debug|Any CPU
	EndGlobalSection
	GlobalSection(SolutionProperties) = preSolution
		HideSolutionNode = FALSE
	EndGlobalSection
EndGlobal
