
Microsoft Visual Studio Solution File, Format Version 11.00
# Visual Studio 2010
Project("{FAE04EC0-301F-11D3-BF4B-00C04F79EFBC}") = "Unity.Timeline", "Unity.Timeline.csproj", "{7a5a2ccc-02e8-663c-e2b9-32d48b391502}"
EndProject
Project("{FAE04EC0-301F-11D3-BF4B-00C04F79EFBC}") = "Unity.Timeline.Editor", "Unity.Timeline.Editor.csproj", "{d9201fce-9d42-6934-5733-67fb57312bc8}"
EndProject
Project("{FAE04EC0-301F-11D3-BF4B-00C04F79EFBC}") = "Unity.TextMeshPro.Editor", "Unity.TextMeshPro.Editor.csproj", "{a9cd6e80-e067-704a-8650-acb6908c9a27}"
EndProject
Project("{FAE04EC0-301F-11D3-BF4B-00C04F79EFBC}") = "Unity.VisualScripting.Flow", "Unity.VisualScripting.Flow.csproj", "{fa735115-a733-be2a-e6ee-e40220d307fd}"
EndProject
Project("{FAE04EC0-301F-11D3-BF4B-00C04F79EFBC}") = "UnityEditor.UI", "UnityEditor.UI.csproj", "{0b43d714-ba0e-f326-0d50-2869f5cbe199}"
EndProject
Project("{FAE04EC0-301F-11D3-BF4B-00C04F79EFBC}") = "Unity.PlasticSCM.Editor", "Unity.PlasticSCM.Editor.csproj", "{2d740394-5c06-562d-8315-a301f27ab7d8}"
EndProject
Project("{FAE04EC0-301F-11D3-BF4B-00C04F79EFBC}") = "Unity.VisualScripting.Core", "Unity.VisualScripting.Core.csproj", "{b71faacb-e5a4-8953-36ae-721e0b098118}"
EndProject
Project("{FAE04EC0-301F-11D3-BF4B-00C04F79EFBC}") = "Unity.VisualScripting.Core.Editor", "Unity.VisualScripting.Core.Editor.csproj", "{ba069481-b739-3b90-b904-0df071d98a29}"
EndProject
Project("{FAE04EC0-301F-11D3-BF4B-00C04F79EFBC}") = "Unity.VisualScripting.Flow.Editor", "Unity.VisualScripting.Flow.Editor.csproj", "{a750e7b6-12a6-8193-5ecc-733f2250606a}"
EndProject
Project("{FAE04EC0-301F-11D3-BF4B-00C04F79EFBC}") = "UnityEditor.TestRunner", "UnityEditor.TestRunner.csproj", "{04f9f8b4-c0c2-ed89-40aa-1e1e44a0fae2}"
EndProject
Project("{FAE04EC0-301F-11D3-BF4B-00C04F79EFBC}") = "Unity.VisualScripting.SettingsProvider.Editor", "Unity.VisualScripting.SettingsProvider.Editor.csproj", "{b37b457d-9c7d-039f-59d1-f402c93e7915}"
EndProject
Project("{FAE04EC0-301F-11D3-BF4B-00C04F79EFBC}") = "UnityEngine.TestRunner", "UnityEngine.TestRunner.csproj", "{57536b49-0fec-d499-601e-72962f413f02}"
EndProject
Project("{FAE04EC0-301F-11D3-BF4B-00C04F79EFBC}") = "UnityEngine.UI", "UnityEngine.UI.csproj", "{482fd2ac-348e-a874-d8d5-2adc100f4d5d}"
EndProject
Project("{FAE04EC0-301F-11D3-BF4B-00C04F79EFBC}") = "Unity.VisualStudio.Editor", "Unity.VisualStudio.Editor.csproj", "{f53b5e7d-ffd7-df90-3ab3-9cc66b10dcb3}"
EndProject
Project("{FAE04EC0-301F-11D3-BF4B-00C04F79EFBC}") = "Unity.TestTools.CodeCoverage.Editor.OpenCover.Model", "Unity.TestTools.CodeCoverage.Editor.OpenCover.Model.csproj", "{2e996ecc-9bbf-97f6-0803-6b31ddc9217d}"
EndProject
Project("{FAE04EC0-301F-11D3-BF4B-00C04F79EFBC}") = "Unity.Rider.Editor", "Unity.Rider.Editor.csproj", "{e7082ac8-9651-4394-17cf-8f8a806cf752}"
EndProject
Project("{FAE04EC0-301F-11D3-BF4B-00C04F79EFBC}") = "Unity.VisualScripting.State.Editor", "Unity.VisualScripting.State.Editor.csproj", "{d911926c-2519-14db-1390-effcc57799a8}"
EndProject
Project("{FAE04EC0-301F-11D3-BF4B-00C04F79EFBC}") = "Unity.TestTools.CodeCoverage.Editor", "Unity.TestTools.CodeCoverage.Editor.csproj", "{794ad353-34bf-6023-fee6-797a6136b657}"
EndProject
Project("{FAE04EC0-301F-11D3-BF4B-00C04F79EFBC}") = "Unity.VisualScripting.State", "Unity.VisualScripting.State.csproj", "{8f613477-b67b-c069-94e7-ea2f9e2136a6}"
EndProject
Project("{FAE04EC0-301F-11D3-BF4B-00C04F79EFBC}") = "Unity.TextMeshPro", "Unity.TextMeshPro.csproj", "{58a5ba56-bb18-c2fc-46f8-b3811abb42bd}"
EndProject
Project("{FAE04EC0-301F-11D3-BF4B-00C04F79EFBC}") = "Assembly-CSharp", "Assembly-CSharp.csproj", "{9a556cce-975c-db18-bbea-57a289ab06ac}"
EndProject
Project("{FAE04EC0-301F-11D3-BF4B-00C04F79EFBC}") = "Unity.Performance.Profile-Analyzer.Editor", "Unity.Performance.Profile-Analyzer.Editor.csproj", "{c0b5ad17-c6e5-0700-c761-1e90ea58e25f}"
EndProject
Project("{FAE04EC0-301F-11D3-BF4B-00C04F79EFBC}") = "Unity.VSCode.Editor", "Unity.VSCode.Editor.csproj", "{cad10e7a-4934-bb9b-3954-33bcc21cd39d}"
EndProject
Project("{FAE04EC0-301F-11D3-BF4B-00C04F79EFBC}") = "Unity.TestTools.CodeCoverage.Editor.OpenCover.Mono.Reflection", "Unity.TestTools.CodeCoverage.Editor.OpenCover.Mono.Reflection.csproj", "{ccd2bbef-32b6-6d10-f342-010c8fad9e5b}"
EndProject
Project("{FAE04EC0-301F-11D3-BF4B-00C04F79EFBC}") = "Unity.Settings.Editor", "Unity.Settings.Editor.csproj", "{f0fdaae2-7617-a1a6-5596-c78bb253d82f}"
EndProject
Project("{FAE04EC0-301F-11D3-BF4B-00C04F79EFBC}") = "Unity.EditorCoroutines.Editor", "Unity.EditorCoroutines.Editor.csproj", "{d1f31556-7355-c48a-76ad-8ba9b8ab5a4b}"
EndProject
Project("{FAE04EC0-301F-11D3-BF4B-00C04F79EFBC}") = "Unity.VisualScripting.Shared.Editor", "Unity.VisualScripting.Shared.Editor.csproj", "{512f7bad-a5c4-5a39-b843-d4b6df50570e}"
EndProject
Project("{FAE04EC0-301F-11D3-BF4B-00C04F79EFBC}") = "Unity.CollabProxy.Editor", "Unity.CollabProxy.Editor.csproj", "{a8c3bc27-9219-0796-9f7c-dd5d1636f7a8}"
EndProject
Project("{FAE04EC0-301F-11D3-BF4B-00C04F79EFBC}") = "Unity.Timeline", "Unity.Timeline.Player.csproj", "{064041e7-0a95-c270-5d40-cd87bb41f3d8}"
EndProject
Project("{FAE04EC0-301F-11D3-BF4B-00C04F79EFBC}") = "Unity.VisualScripting.Flow", "Unity.VisualScripting.Flow.Player.csproj", "{d1040bca-c4c4-dd4b-19d5-d65cf77d4938}"
EndProject
Project("{FAE04EC0-301F-11D3-BF4B-00C04F79EFBC}") = "Unity.VisualScripting.Core", "Unity.VisualScripting.Core.Player.csproj", "{9c7a8661-e1c4-eb16-e918-c74da021a108}"
EndProject
Project("{FAE04EC0-301F-11D3-BF4B-00C04F79EFBC}") = "UnityEngine.TestRunner", "UnityEngine.TestRunner.Player.csproj", "{649d8b22-4917-e813-01c0-4ab4d38fec3d}"
EndProject
Project("{FAE04EC0-301F-11D3-BF4B-00C04F79EFBC}") = "UnityEngine.UI", "UnityEngine.UI.Player.csproj", "{e84f2397-f76b-e1b8-e43a-40d80cf3f3cf}"
EndProject
Project("{FAE04EC0-301F-11D3-BF4B-00C04F79EFBC}") = "Unity.VisualScripting.State", "Unity.VisualScripting.State.Player.csproj", "{397286f7-0454-4150-4150-7f58e4b16ae8}"
EndProject
Project("{FAE04EC0-301F-11D3-BF4B-00C04F79EFBC}") = "Unity.TextMeshPro", "Unity.TextMeshPro.Player.csproj", "{c2198e12-6059-bd52-6dd0-841c44b573d6}"
EndProject
Project("{FAE04EC0-301F-11D3-BF4B-00C04F79EFBC}") = "Assembly-CSharp", "Assembly-CSharp.Player.csproj", "{c80e14c5-3da8-0262-7e36-06dd48638fcf}"
EndProject
Project("{FAE04EC0-301F-11D3-BF4B-00C04F79EFBC}") = "Assembly-CSharp-Editor", "Assembly-CSharp-Editor.csproj", "{bbfe08fc-26a9-654e-e018-f0fe8066d124}"
EndProject
Project("{FAE04EC0-301F-11D3-BF4B-00C04F79EFBC}") = "Unity.TestTools.CodeCoverage.Editor.Compatibility", "Unity.TestTools.CodeCoverage.Editor.Compatibility.csproj", "{7a34aea9-4183-cab9-1f12-071305065466}"
EndProject
Project("{FAE04EC0-301F-11D3-BF4B-00C04F79EFBC}") = "Unity.TextMeshPro.Editor.Tests", "Unity.TextMeshPro.Editor.Tests.csproj", "{0559052e-00fe-4876-38ab-87019c2416dd}"
EndProject
Project("{FAE04EC0-301F-11D3-BF4B-00C04F79EFBC}") = "DocCodeExamples", "DocCodeExamples.csproj", "{7a0b51e2-c84f-36f2-d9f6-162bfa81ce75}"
EndProject
Project("{FAE04EC0-301F-11D3-BF4B-00C04F79EFBC}") = "Unity.Performance.Profile-Analyzer.EditorTests", "Unity.Performance.Profile-Analyzer.EditorTests.csproj", "{211748a8-20b6-e3c1-2e45-0d00839ed53c}"
EndProject
Project("{FAE04EC0-301F-11D3-BF4B-00C04F79EFBC}") = "Unity.Settings.Tests", "Unity.Settings.Tests.csproj", "{9d35e6e6-7868-02d1-1c82-a69846451858}"
EndProject
Project("{FAE04EC0-301F-11D3-BF4B-00C04F79EFBC}") = "UnityEngine.UI.Tests", "UnityEngine.UI.Tests.csproj", "{162f87d3-704e-af1b-3fb7-704d1f8eb362}"
EndProject
Project("{FAE04EC0-301F-11D3-BF4B-00C04F79EFBC}") = "Unity.TextMeshPro.Tests", "Unity.TextMeshPro.Tests.csproj", "{0547d0b1-5a6b-2956-0c9c-44b4f52c28e6}"
EndProject
Project("{FAE04EC0-301F-11D3-BF4B-00C04F79EFBC}") = "UnityEditor.UI.EditorTests", "UnityEditor.UI.EditorTests.csproj", "{05919045-10df-4e28-8d12-9459f6cf188f}"
EndProject
Global
	GlobalSection(SolutionConfigurationPlatforms) = preSolution
		Debug|Any CPU = Debug|Any CPU
	EndGlobalSection
	GlobalSection(ProjectConfigurationPlatforms) = postSolution
		{7a5a2ccc-02e8-663c-e2b9-32d48b391502}.Debug|Any CPU.ActiveCfg = Debug|Any CPU
		{7a5a2ccc-02e8-663c-e2b9-32d48b391502}.Debug|Any CPU.Build.0 = Debug|Any CPU
		{d9201fce-9d42-6934-5733-67fb57312bc8}.Debug|Any CPU.ActiveCfg = Debug|Any CPU
		{d9201fce-9d42-6934-5733-67fb57312bc8}.Debug|Any CPU.Build.0 = Debug|Any CPU
		{a9cd6e80-e067-704a-8650-acb6908c9a27}.Debug|Any CPU.ActiveCfg = Debug|Any CPU
		{a9cd6e80-e067-704a-8650-acb6908c9a27}.Debug|Any CPU.Build.0 = Debug|Any CPU
		{fa735115-a733-be2a-e6ee-e40220d307fd}.Debug|Any CPU.ActiveCfg = Debug|Any CPU
		{fa735115-a733-be2a-e6ee-e40220d307fd}.Debug|Any CPU.Build.0 = Debug|Any CPU
		{0b43d714-ba0e-f326-0d50-2869f5cbe199}.Debug|Any CPU.ActiveCfg = Debug|Any CPU
		{0b43d714-ba0e-f326-0d50-2869f5cbe199}.Debug|Any CPU.Build.0 = Debug|Any CPU
		{2d740394-5c06-562d-8315-a301f27ab7d8}.Debug|Any CPU.ActiveCfg = Debug|Any CPU
		{2d740394-5c06-562d-8315-a301f27ab7d8}.Debug|Any CPU.Build.0 = Debug|Any CPU
		{b71faacb-e5a4-8953-36ae-721e0b098118}.Debug|Any CPU.ActiveCfg = Debug|Any CPU
		{b71faacb-e5a4-8953-36ae-721e0b098118}.Debug|Any CPU.Build.0 = Debug|Any CPU
		{ba069481-b739-3b90-b904-0df071d98a29}.Debug|Any CPU.ActiveCfg = Debug|Any CPU
		{ba069481-b739-3b90-b904-0df071d98a29}.Debug|Any CPU.Build.0 = Debug|Any CPU
		{a750e7b6-12a6-8193-5ecc-733f2250606a}.Debug|Any CPU.ActiveCfg = Debug|Any CPU
		{a750e7b6-12a6-8193-5ecc-733f2250606a}.Debug|Any CPU.Build.0 = Debug|Any CPU
		{04f9f8b4-c0c2-ed89-40aa-1e1e44a0fae2}.Debug|Any CPU.ActiveCfg = Debug|Any CPU
		{04f9f8b4-c0c2-ed89-40aa-1e1e44a0fae2}.Debug|Any CPU.Build.0 = Debug|Any CPU
		{b37b457d-9c7d-039f-59d1-f402c93e7915}.Debug|Any CPU.ActiveCfg = Debug|Any CPU
		{b37b457d-9c7d-039f-59d1-f402c93e7915}.Debug|Any CPU.Build.0 = Debug|Any CPU
		{57536b49-0fec-d499-601e-72962f413f02}.Debug|Any CPU.ActiveCfg = Debug|Any CPU
		{57536b49-0fec-d499-601e-72962f413f02}.Debug|Any CPU.Build.0 = Debug|Any CPU
		{482fd2ac-348e-a874-d8d5-2adc100f4d5d}.Debug|Any CPU.ActiveCfg = Debug|Any CPU
		{482fd2ac-348e-a874-d8d5-2adc100f4d5d}.Debug|Any CPU.Build.0 = Debug|Any CPU
		{f53b5e7d-ffd7-df90-3ab3-9cc66b10dcb3}.Debug|Any CPU.ActiveCfg = Debug|Any CPU
		{f53b5e7d-ffd7-df90-3ab3-9cc66b10dcb3}.Debug|Any CPU.Build.0 = Debug|Any CPU
		{2e996ecc-9bbf-97f6-0803-6b31ddc9217d}.Debug|Any CPU.ActiveCfg = Debug|Any CPU
		{2e996ecc-9bbf-97f6-0803-6b31ddc9217d}.Debug|Any CPU.Build.0 = Debug|Any CPU
		{e7082ac8-9651-4394-17cf-8f8a806cf752}.Debug|Any CPU.ActiveCfg = Debug|Any CPU
		{e7082ac8-9651-4394-17cf-8f8a806cf752}.Debug|Any CPU.Build.0 = Debug|Any CPU
		{d911926c-2519-14db-1390-effcc57799a8}.Debug|Any CPU.ActiveCfg = Debug|Any CPU
		{d911926c-2519-14db-1390-effcc57799a8}.Debug|Any CPU.Build.0 = Debug|Any CPU
		{794ad353-34bf-6023-fee6-797a6136b657}.Debug|Any CPU.ActiveCfg = Debug|Any CPU
		{794ad353-34bf-6023-fee6-797a6136b657}.Debug|Any CPU.Build.0 = Debug|Any CPU
		{8f613477-b67b-c069-94e7-ea2f9e2136a6}.Debug|Any CPU.ActiveCfg = Debug|Any CPU
		{8f613477-b67b-c069-94e7-ea2f9e2136a6}.Debug|Any CPU.Build.0 = Debug|Any CPU
		{58a5ba56-bb18-c2fc-46f8-b3811abb42bd}.Debug|Any CPU.ActiveCfg = Debug|Any CPU
		{58a5ba56-bb18-c2fc-46f8-b3811abb42bd}.Debug|Any CPU.Build.0 = Debug|Any CPU
		{9a556cce-975c-db18-bbea-57a289ab06ac}.Debug|Any CPU.ActiveCfg = Debug|Any CPU
		{9a556cce-975c-db18-bbea-57a289ab06ac}.Debug|Any CPU.Build.0 = Debug|Any CPU
		{c0b5ad17-c6e5-0700-c761-1e90ea58e25f}.Debug|Any CPU.ActiveCfg = Debug|Any CPU
		{c0b5ad17-c6e5-0700-c761-1e90ea58e25f}.Debug|Any CPU.Build.0 = Debug|Any CPU
		{cad10e7a-4934-bb9b-3954-33bcc21cd39d}.Debug|Any CPU.ActiveCfg = Debug|Any CPU
		{cad10e7a-4934-bb9b-3954-33bcc21cd39d}.Debug|Any CPU.Build.0 = Debug|Any CPU
		{ccd2bbef-32b6-6d10-f342-010c8fad9e5b}.Debug|Any CPU.ActiveCfg = Debug|Any CPU
		{ccd2bbef-32b6-6d10-f342-010c8fad9e5b}.Debug|Any CPU.Build.0 = Debug|Any CPU
		{f0fdaae2-7617-a1a6-5596-c78bb253d82f}.Debug|Any CPU.ActiveCfg = Debug|Any CPU
		{f0fdaae2-7617-a1a6-5596-c78bb253d82f}.Debug|Any CPU.Build.0 = Debug|Any CPU
		{d1f31556-7355-c48a-76ad-8ba9b8ab5a4b}.Debug|Any CPU.ActiveCfg = Debug|Any CPU
		{d1f31556-7355-c48a-76ad-8ba9b8ab5a4b}.Debug|Any CPU.Build.0 = Debug|Any CPU
		{512f7bad-a5c4-5a39-b843-d4b6df50570e}.Debug|Any CPU.ActiveCfg = Debug|Any CPU
		{512f7bad-a5c4-5a39-b843-d4b6df50570e}.Debug|Any CPU.Build.0 = Debug|Any CPU
		{a8c3bc27-9219-0796-9f7c-dd5d1636f7a8}.Debug|Any CPU.ActiveCfg = Debug|Any CPU
		{a8c3bc27-9219-0796-9f7c-dd5d1636f7a8}.Debug|Any CPU.Build.0 = Debug|Any CPU
		{064041e7-0a95-c270-5d40-cd87bb41f3d8}.Debug|Any CPU.ActiveCfg = Debug|Any CPU
		{064041e7-0a95-c270-5d40-cd87bb41f3d8}.Debug|Any CPU.Build.0 = Debug|Any CPU
		{d1040bca-c4c4-dd4b-19d5-d65cf77d4938}.Debug|Any CPU.ActiveCfg = Debug|Any CPU
		{d1040bca-c4c4-dd4b-19d5-d65cf77d4938}.Debug|Any CPU.Build.0 = Debug|Any CPU
		{9c7a8661-e1c4-eb16-e918-c74da021a108}.Debug|Any CPU.ActiveCfg = Debug|Any CPU
		{9c7a8661-e1c4-eb16-e918-c74da021a108}.Debug|Any CPU.Build.0 = Debug|Any CPU
		{649d8b22-4917-e813-01c0-4ab4d38fec3d}.Debug|Any CPU.ActiveCfg = Debug|Any CPU
		{649d8b22-4917-e813-01c0-4ab4d38fec3d}.Debug|Any CPU.Build.0 = Debug|Any CPU
		{e84f2397-f76b-e1b8-e43a-40d80cf3f3cf}.Debug|Any CPU.ActiveCfg = Debug|Any CPU
		{e84f2397-f76b-e1b8-e43a-40d80cf3f3cf}.Debug|Any CPU.Build.0 = Debug|Any CPU
		{397286f7-0454-4150-4150-7f58e4b16ae8}.Debug|Any CPU.ActiveCfg = Debug|Any CPU
		{397286f7-0454-4150-4150-7f58e4b16ae8}.Debug|Any CPU.Build.0 = Debug|Any CPU
		{c2198e12-6059-bd52-6dd0-841c44b573d6}.Debug|Any CPU.ActiveCfg = Debug|Any CPU
		{c2198e12-6059-bd52-6dd0-841c44b573d6}.Debug|Any CPU.Build.0 = Debug|Any CPU
		{c80e14c5-3da8-0262-7e36-06dd48638fcf}.Debug|Any CPU.ActiveCfg = Debug|Any CPU
		{c80e14c5-3da8-0262-7e36-06dd48638fcf}.Debug|Any CPU.Build.0 = Debug|Any CPU
		{bbfe08fc-26a9-654e-e018-f0fe8066d124}.Debug|Any CPU.ActiveCfg = Debug|Any CPU
		{bbfe08fc-26a9-654e-e018-f0fe8066d124}.Debug|Any CPU.Build.0 = Debug|Any CPU
		{7a34aea9-4183-cab9-1f12-071305065466}.Debug|Any CPU.ActiveCfg = Debug|Any CPU
		{7a34aea9-4183-cab9-1f12-071305065466}.Debug|Any CPU.Build.0 = Debug|Any CPU
		{0559052e-00fe-4876-38ab-87019c2416dd}.Debug|Any CPU.ActiveCfg = Debug|Any CPU
		{0559052e-00fe-4876-38ab-87019c2416dd}.Debug|Any CPU.Build.0 = Debug|Any CPU
		{7a0b51e2-c84f-36f2-d9f6-162bfa81ce75}.Debug|Any CPU.ActiveCfg = Debug|Any CPU
		{7a0b51e2-c84f-36f2-d9f6-162bfa81ce75}.Debug|Any CPU.Build.0 = Debug|Any CPU
		{211748a8-20b6-e3c1-2e45-0d00839ed53c}.Debug|Any CPU.ActiveCfg = Debug|Any CPU
		{211748a8-20b6-e3c1-2e45-0d00839ed53c}.Debug|Any CPU.Build.0 = Debug|Any CPU
		{9d35e6e6-7868-02d1-1c82-a69846451858}.Debug|Any CPU.ActiveCfg = Debug|Any CPU
		{9d35e6e6-7868-02d1-1c82-a69846451858}.Debug|Any CPU.Build.0 = Debug|Any CPU
		{162f87d3-704e-af1b-3fb7-704d1f8eb362}.Debug|Any CPU.ActiveCfg = Debug|Any CPU
		{162f87d3-704e-af1b-3fb7-704d1f8eb362}.Debug|Any CPU.Build.0 = Debug|Any CPU
		{0547d0b1-5a6b-2956-0c9c-44b4f52c28e6}.Debug|Any CPU.ActiveCfg = Debug|Any CPU
		{0547d0b1-5a6b-2956-0c9c-44b4f52c28e6}.Debug|Any CPU.Build.0 = Debug|Any CPU
		{05919045-10df-4e28-8d12-9459f6cf188f}.Debug|Any CPU.ActiveCfg = Debug|Any CPU
		{05919045-10df-4e28-8d12-9459f6cf188f}.Debug|Any CPU.Build.0 = Debug|Any CPU
	EndGlobalSection
	GlobalSection(SolutionProperties) = preSolution
		HideSolutionNode = FALSE
	EndGlobalSection
EndGlobal
