
Microsoft Visual Studio Solution File, Format Version 11.00
# Visual Studio 2010
Project("{FAE04EC0-301F-11D3-BF4B-00C04F79EFBC}") = "Unity.Timeline", "Unity.Timeline.csproj", "{a3d0bf8d-1075-3a87-f0f3-ceab479f16f7}"
EndProject
Project("{FAE04EC0-301F-11D3-BF4B-00C04F79EFBC}") = "Unity.Timeline.Editor", "Unity.Timeline.Editor.csproj", "{e07fd897-f9f0-d486-3b0a-cb59a8bed243}"
EndProject
Project("{FAE04EC0-301F-11D3-BF4B-00C04F79EFBC}") = "Unity.TextMeshPro.Editor", "Unity.TextMeshPro.Editor.csproj", "{099148cf-8d35-1073-f5c1-2e6d56ffd416}"
EndProject
Project("{FAE04EC0-301F-11D3-BF4B-00C04F79EFBC}") = "Unity.Localization", "Unity.Localization.csproj", "{6c3e5519-e68e-186a-606a-f40d39de82c7}"
EndProject
Project("{FAE04EC0-301F-11D3-BF4B-00C04F79EFBC}") = "Unity.VisualScripting.Flow", "Unity.VisualScripting.Flow.csproj", "{1039cc00-6b28-9808-eb1a-97ce9a540800}"
EndProject
Project("{FAE04EC0-301F-11D3-BF4B-00C04F79EFBC}") = "UnityEditor.UI", "UnityEditor.UI.csproj", "{a5e1f62a-94fb-5a5f-76e6-a3aff92c5b59}"
EndProject
Project("{FAE04EC0-301F-11D3-BF4B-00C04F79EFBC}") = "Unity.Localization.Editor", "Unity.Localization.Editor.csproj", "{764ae273-b3bf-c53e-e919-4e0bdb0f5c62}"
EndProject
Project("{FAE04EC0-301F-11D3-BF4B-00C04F79EFBC}") = "Unity.PlasticSCM.Editor", "Unity.PlasticSCM.Editor.csproj", "{8b167494-b1dc-96d9-4085-abf326c52d75}"
EndProject
Project("{FAE04EC0-301F-11D3-BF4B-00C04F79EFBC}") = "Unity.ScriptableBuildPipeline.Editor", "Unity.ScriptableBuildPipeline.Editor.csproj", "{31cd938f-9f3b-be02-2d66-c4fa386419eb}"
EndProject
Project("{FAE04EC0-301F-11D3-BF4B-00C04F79EFBC}") = "Unity.VisualScripting.Core", "Unity.VisualScripting.Core.csproj", "{9eabf850-3bfa-8c96-54d1-7d0be928a203}"
EndProject
Project("{FAE04EC0-301F-11D3-BF4B-00C04F79EFBC}") = "Unity.Addressables.Editor", "Unity.Addressables.Editor.csproj", "{96cbaf00-8ad2-bb61-92d4-4af19e885746}"
EndProject
Project("{FAE04EC0-301F-11D3-BF4B-00C04F79EFBC}") = "Unity.VisualScripting.Core.Editor", "Unity.VisualScripting.Core.Editor.csproj", "{1401aef5-ec30-4802-772d-fa22e87c23cb}"
EndProject
Project("{FAE04EC0-301F-11D3-BF4B-00C04F79EFBC}") = "Unity.VisualScripting.Flow.Editor", "Unity.VisualScripting.Flow.Editor.csproj", "{a7c555e8-f9fb-6786-56b4-7a8e4c645528}"
EndProject
Project("{FAE04EC0-301F-11D3-BF4B-00C04F79EFBC}") = "UnityEditor.TestRunner", "UnityEditor.TestRunner.csproj", "{a6cc596c-c0d3-42d1-14da-1c6adc763cb9}"
EndProject
Project("{FAE04EC0-301F-11D3-BF4B-00C04F79EFBC}") = "Unity.VisualScripting.SettingsProvider.Editor", "Unity.VisualScripting.SettingsProvider.Editor.csproj", "{3cb8df80-4c62-8dbd-608c-c4b781a1e01d}"
EndProject
Project("{FAE04EC0-301F-11D3-BF4B-00C04F79EFBC}") = "UnityEngine.TestRunner", "UnityEngine.TestRunner.csproj", "{295135b5-46d7-42fb-5f6c-83e64f8b8ab5}"
EndProject
Project("{FAE04EC0-301F-11D3-BF4B-00C04F79EFBC}") = "UnityEngine.UI", "UnityEngine.UI.csproj", "{e12842a5-1c18-3901-e30a-f9551ecbfb12}"
EndProject
Project("{FAE04EC0-301F-11D3-BF4B-00C04F79EFBC}") = "Unity.VisualStudio.Editor", "Unity.VisualStudio.Editor.csproj", "{a3d9ac79-d39d-8be0-c224-35a3624fd3d9}"
EndProject
Project("{FAE04EC0-301F-11D3-BF4B-00C04F79EFBC}") = "Unity.TestTools.CodeCoverage.Editor.OpenCover.Model", "Unity.TestTools.CodeCoverage.Editor.OpenCover.Model.csproj", "{1b7536be-cf08-7c27-34cf-093bd8247fbb}"
EndProject
Project("{FAE04EC0-301F-11D3-BF4B-00C04F79EFBC}") = "Unity.Rider.Editor", "Unity.Rider.Editor.csproj", "{1f2f0af8-cc5a-2fa9-4bec-4d2296216f3e}"
EndProject
Project("{FAE04EC0-301F-11D3-BF4B-00C04F79EFBC}") = "Unity.ResourceManager", "Unity.ResourceManager.csproj", "{a107769c-b3df-6854-dcc9-9293a460b18b}"
EndProject
Project("{FAE04EC0-301F-11D3-BF4B-00C04F79EFBC}") = "Unity.Addressables", "Unity.Addressables.csproj", "{2d249ec8-b22b-ef08-0bdb-a723ff90e1e0}"
EndProject
Project("{FAE04EC0-301F-11D3-BF4B-00C04F79EFBC}") = "Unity.VisualScripting.State.Editor", "Unity.VisualScripting.State.Editor.csproj", "{f82e771d-a309-8f15-2d4a-deea1098aa8c}"
EndProject
Project("{FAE04EC0-301F-11D3-BF4B-00C04F79EFBC}") = "Unity.TestTools.CodeCoverage.Editor", "Unity.TestTools.CodeCoverage.Editor.csproj", "{83c92d44-ec4d-f05c-14f4-15d0dcf0fda4}"
EndProject
Project("{FAE04EC0-301F-11D3-BF4B-00C04F79EFBC}") = "Unity.InternalAPIEditorBridge.013", "Unity.InternalAPIEditorBridge.013.csproj", "{e0783335-194e-9a34-9407-63f32947c09c}"
EndProject
Project("{FAE04EC0-301F-11D3-BF4B-00C04F79EFBC}") = "Unity.VisualScripting.State", "Unity.VisualScripting.State.csproj", "{5eb6baf0-02a5-2eb5-6ed0-82c20548801f}"
EndProject
Project("{FAE04EC0-301F-11D3-BF4B-00C04F79EFBC}") = "Unity.TextMeshPro", "Unity.TextMeshPro.csproj", "{20dcc576-f71a-c49e-1c12-34d67eea3cc2}"
EndProject
Project("{FAE04EC0-301F-11D3-BF4B-00C04F79EFBC}") = "Unity.Performance.Profile-Analyzer.Editor", "Unity.Performance.Profile-Analyzer.Editor.csproj", "{d9712638-69c6-792a-f734-26472799a7c0}"
EndProject
Project("{FAE04EC0-301F-11D3-BF4B-00C04F79EFBC}") = "Unity.InternalAPIEngineBridge.013", "Unity.InternalAPIEngineBridge.013.csproj", "{66c371f9-c98a-e232-d1db-857ac5b88b40}"
EndProject
Project("{FAE04EC0-301F-11D3-BF4B-00C04F79EFBC}") = "Unity.VSCode.Editor", "Unity.VSCode.Editor.csproj", "{adc4cff3-f629-e5b5-1c29-998e937e8e78}"
EndProject
Project("{FAE04EC0-301F-11D3-BF4B-00C04F79EFBC}") = "Unity.TestTools.CodeCoverage.Editor.OpenCover.Mono.Reflection", "Unity.TestTools.CodeCoverage.Editor.OpenCover.Mono.Reflection.csproj", "{6f56a741-2151-ed2c-f077-ff31bbcd8392}"
EndProject
Project("{FAE04EC0-301F-11D3-BF4B-00C04F79EFBC}") = "Unity.Settings.Editor", "Unity.Settings.Editor.csproj", "{93e1a9e6-1232-c54e-3b8b-cb336be624a0}"
EndProject
Project("{FAE04EC0-301F-11D3-BF4B-00C04F79EFBC}") = "Unity.EditorCoroutines.Editor", "Unity.EditorCoroutines.Editor.csproj", "{3d59312d-b7b2-87b7-5805-b22f4f20489d}"
EndProject
Project("{FAE04EC0-301F-11D3-BF4B-00C04F79EFBC}") = "Assembly-CSharp", "Assembly-CSharp.csproj", "{b2a3676d-3859-e941-6292-8f84f070a2d5}"
EndProject
Project("{FAE04EC0-301F-11D3-BF4B-00C04F79EFBC}") = "Unity.VisualScripting.Shared.Editor", "Unity.VisualScripting.Shared.Editor.csproj", "{5d364755-5529-381b-4146-7a03d48eef58}"
EndProject
Project("{FAE04EC0-301F-11D3-BF4B-00C04F79EFBC}") = "Unity.CollabProxy.Editor", "Unity.CollabProxy.Editor.csproj", "{2c7369a7-9468-1760-b9fa-8ff0dd70b85c}"
EndProject
Project("{FAE04EC0-301F-11D3-BF4B-00C04F79EFBC}") = "Unity.ScriptableBuildPipeline", "Unity.ScriptableBuildPipeline.csproj", "{732dba8a-e505-561c-c5dc-c89008cb848a}"
EndProject
Project("{FAE04EC0-301F-11D3-BF4B-00C04F79EFBC}") = "Unity.Timeline", "Unity.Timeline.Player.csproj", "{8d3766a0-6da5-01b0-e467-62ff062e7c6d}"
EndProject
Project("{FAE04EC0-301F-11D3-BF4B-00C04F79EFBC}") = "Unity.Localization", "Unity.Localization.Player.csproj", "{9b80b5ec-b64a-4378-bb00-0f89bd250955}"
EndProject
Project("{FAE04EC0-301F-11D3-BF4B-00C04F79EFBC}") = "Unity.VisualScripting.Flow", "Unity.VisualScripting.Flow.Player.csproj", "{239e19d1-e4eb-8e63-fc4b-54fb3d01f891}"
EndProject
Project("{FAE04EC0-301F-11D3-BF4B-00C04F79EFBC}") = "Unity.VisualScripting.Core", "Unity.VisualScripting.Core.Player.csproj", "{05440246-039c-be18-6375-b0f1fab9fac1}"
EndProject
Project("{FAE04EC0-301F-11D3-BF4B-00C04F79EFBC}") = "UnityEngine.TestRunner", "UnityEngine.TestRunner.Player.csproj", "{f99b0f75-3b68-71c3-1cde-5dab25453b3e}"
EndProject
Project("{FAE04EC0-301F-11D3-BF4B-00C04F79EFBC}") = "UnityEngine.UI", "UnityEngine.UI.Player.csproj", "{4d7a5019-7925-7f56-47cb-3a230360554c}"
EndProject
Project("{FAE04EC0-301F-11D3-BF4B-00C04F79EFBC}") = "Unity.ResourceManager", "Unity.ResourceManager.Player.csproj", "{d360f13b-2218-50d8-919d-73dbca627c0c}"
EndProject
Project("{FAE04EC0-301F-11D3-BF4B-00C04F79EFBC}") = "Unity.Addressables", "Unity.Addressables.Player.csproj", "{01793d58-3bd0-0fb0-921b-87f1ea4ce71e}"
EndProject
Project("{FAE04EC0-301F-11D3-BF4B-00C04F79EFBC}") = "Unity.VisualScripting.State", "Unity.VisualScripting.State.Player.csproj", "{bdf285f0-9071-3051-af67-4d40f3f8472c}"
EndProject
Project("{FAE04EC0-301F-11D3-BF4B-00C04F79EFBC}") = "Unity.TextMeshPro", "Unity.TextMeshPro.Player.csproj", "{9065083f-ca70-74ae-641c-0f2d7bd16122}"
EndProject
Project("{FAE04EC0-301F-11D3-BF4B-00C04F79EFBC}") = "Unity.InternalAPIEngineBridge.013", "Unity.InternalAPIEngineBridge.013.Player.csproj", "{4483d7a8-c677-38ef-ce2e-c90217a4f464}"
EndProject
Project("{FAE04EC0-301F-11D3-BF4B-00C04F79EFBC}") = "Assembly-CSharp", "Assembly-CSharp.Player.csproj", "{761ab4e8-bff4-ccde-9462-a7f99f00bada}"
EndProject
Project("{FAE04EC0-301F-11D3-BF4B-00C04F79EFBC}") = "Unity.ScriptableBuildPipeline", "Unity.ScriptableBuildPipeline.Player.csproj", "{711833f3-3c52-d291-3401-20e942d6ac78}"
EndProject
Project("{FAE04EC0-301F-11D3-BF4B-00C04F79EFBC}") = "Assembly-CSharp-Editor", "Assembly-CSharp-Editor.csproj", "{7581ceda-4a26-6a72-74f8-06ed55671d55}"
EndProject
Project("{FAE04EC0-301F-11D3-BF4B-00C04F79EFBC}") = "Unity.Addressables.Editor.Tests", "Unity.Addressables.Editor.Tests.csproj", "{9d5aa21e-3794-eb55-4a23-748f9e316aee}"
EndProject
Project("{FAE04EC0-301F-11D3-BF4B-00C04F79EFBC}") = "Unity.ResourceManager.Tests", "Unity.ResourceManager.Tests.csproj", "{5b26ea8c-0260-b0cd-c9de-9b13894928dd}"
EndProject
Project("{FAE04EC0-301F-11D3-BF4B-00C04F79EFBC}") = "Unity.ScriptableBuildPipeline.Editor.Tests", "Unity.ScriptableBuildPipeline.Editor.Tests.csproj", "{1580cf1e-14d6-0f37-be2f-d7f8d33b3b2f}"
EndProject
Project("{FAE04EC0-301F-11D3-BF4B-00C04F79EFBC}") = "Unity.Addressables.Tests", "Unity.Addressables.Tests.csproj", "{9072c796-0adb-9dcc-2183-0fcdc16d40eb}"
EndProject
Project("{FAE04EC0-301F-11D3-BF4B-00C04F79EFBC}") = "Unity.TestTools.CodeCoverage.Editor.Compatibility", "Unity.TestTools.CodeCoverage.Editor.Compatibility.csproj", "{7d1db9d8-9d5f-5edc-39fd-69293915c2ca}"
EndProject
Project("{FAE04EC0-301F-11D3-BF4B-00C04F79EFBC}") = "Unity.TextMeshPro.Editor.Tests", "Unity.TextMeshPro.Editor.Tests.csproj", "{95c4f289-22c1-d599-012a-d7331f034c25}"
EndProject
Project("{FAE04EC0-301F-11D3-BF4B-00C04F79EFBC}") = "DocCodeExamples", "DocCodeExamples.csproj", "{a0ec4f58-4774-4337-9611-a8715ba49589}"
EndProject
Project("{FAE04EC0-301F-11D3-BF4B-00C04F79EFBC}") = "Unity.Localization.DocCodeSamples", "Unity.Localization.DocCodeSamples.csproj", "{ee6c4324-c102-830c-c59c-e1b3d675e4ba}"
EndProject
Project("{FAE04EC0-301F-11D3-BF4B-00C04F79EFBC}") = "Unity.Performance.Profile-Analyzer.EditorTests", "Unity.Performance.Profile-Analyzer.EditorTests.csproj", "{1931ab43-d572-efa6-c94c-3e765fd5a25a}"
EndProject
Project("{FAE04EC0-301F-11D3-BF4B-00C04F79EFBC}") = "Unity.Settings.Tests", "Unity.Settings.Tests.csproj", "{f266e2d7-3233-e7e7-b6c2-92c8d7bf9e41}"
EndProject
Project("{FAE04EC0-301F-11D3-BF4B-00C04F79EFBC}") = "UnityEngine.UI.Tests", "UnityEngine.UI.Tests.csproj", "{4ee2f8ce-8b29-0e66-e15d-c95dab889b2b}"
EndProject
Project("{FAE04EC0-301F-11D3-BF4B-00C04F79EFBC}") = "Unity.TextMeshPro.Tests", "Unity.TextMeshPro.Tests.csproj", "{fff4382e-48e1-099e-54ec-62e8bd439270}"
EndProject
Project("{FAE04EC0-301F-11D3-BF4B-00C04F79EFBC}") = "UnityEditor.UI.EditorTests", "UnityEditor.UI.EditorTests.csproj", "{96c1f56f-4265-3fd7-b81a-a274c652f329}"
EndProject
Project("{FAE04EC0-301F-11D3-BF4B-00C04F79EFBC}") = "Unity.ScriptableBuildPipeline.Tests", "Unity.ScriptableBuildPipeline.Tests.csproj", "{b0abd1f0-1d5a-bf5f-a6ef-3143eb79cbe4}"
EndProject
Global
	GlobalSection(SolutionConfigurationPlatforms) = preSolution
		Debug|Any CPU = Debug|Any CPU
	EndGlobalSection
	GlobalSection(ProjectConfigurationPlatforms) = postSolution
		{a3d0bf8d-1075-3a87-f0f3-ceab479f16f7}.Debug|Any CPU.ActiveCfg = Debug|Any CPU
		{a3d0bf8d-1075-3a87-f0f3-ceab479f16f7}.Debug|Any CPU.Build.0 = Debug|Any CPU
		{e07fd897-f9f0-d486-3b0a-cb59a8bed243}.Debug|Any CPU.ActiveCfg = Debug|Any CPU
		{e07fd897-f9f0-d486-3b0a-cb59a8bed243}.Debug|Any CPU.Build.0 = Debug|Any CPU
		{099148cf-8d35-1073-f5c1-2e6d56ffd416}.Debug|Any CPU.ActiveCfg = Debug|Any CPU
		{099148cf-8d35-1073-f5c1-2e6d56ffd416}.Debug|Any CPU.Build.0 = Debug|Any CPU
		{6c3e5519-e68e-186a-606a-f40d39de82c7}.Debug|Any CPU.ActiveCfg = Debug|Any CPU
		{6c3e5519-e68e-186a-606a-f40d39de82c7}.Debug|Any CPU.Build.0 = Debug|Any CPU
		{1039cc00-6b28-9808-eb1a-97ce9a540800}.Debug|Any CPU.ActiveCfg = Debug|Any CPU
		{1039cc00-6b28-9808-eb1a-97ce9a540800}.Debug|Any CPU.Build.0 = Debug|Any CPU
		{a5e1f62a-94fb-5a5f-76e6-a3aff92c5b59}.Debug|Any CPU.ActiveCfg = Debug|Any CPU
		{a5e1f62a-94fb-5a5f-76e6-a3aff92c5b59}.Debug|Any CPU.Build.0 = Debug|Any CPU
		{764ae273-b3bf-c53e-e919-4e0bdb0f5c62}.Debug|Any CPU.ActiveCfg = Debug|Any CPU
		{764ae273-b3bf-c53e-e919-4e0bdb0f5c62}.Debug|Any CPU.Build.0 = Debug|Any CPU
		{8b167494-b1dc-96d9-4085-abf326c52d75}.Debug|Any CPU.ActiveCfg = Debug|Any CPU
		{8b167494-b1dc-96d9-4085-abf326c52d75}.Debug|Any CPU.Build.0 = Debug|Any CPU
		{31cd938f-9f3b-be02-2d66-c4fa386419eb}.Debug|Any CPU.ActiveCfg = Debug|Any CPU
		{31cd938f-9f3b-be02-2d66-c4fa386419eb}.Debug|Any CPU.Build.0 = Debug|Any CPU
		{9eabf850-3bfa-8c96-54d1-7d0be928a203}.Debug|Any CPU.ActiveCfg = Debug|Any CPU
		{9eabf850-3bfa-8c96-54d1-7d0be928a203}.Debug|Any CPU.Build.0 = Debug|Any CPU
		{96cbaf00-8ad2-bb61-92d4-4af19e885746}.Debug|Any CPU.ActiveCfg = Debug|Any CPU
		{96cbaf00-8ad2-bb61-92d4-4af19e885746}.Debug|Any CPU.Build.0 = Debug|Any CPU
		{1401aef5-ec30-4802-772d-fa22e87c23cb}.Debug|Any CPU.ActiveCfg = Debug|Any CPU
		{1401aef5-ec30-4802-772d-fa22e87c23cb}.Debug|Any CPU.Build.0 = Debug|Any CPU
		{a7c555e8-f9fb-6786-56b4-7a8e4c645528}.Debug|Any CPU.ActiveCfg = Debug|Any CPU
		{a7c555e8-f9fb-6786-56b4-7a8e4c645528}.Debug|Any CPU.Build.0 = Debug|Any CPU
		{a6cc596c-c0d3-42d1-14da-1c6adc763cb9}.Debug|Any CPU.ActiveCfg = Debug|Any CPU
		{a6cc596c-c0d3-42d1-14da-1c6adc763cb9}.Debug|Any CPU.Build.0 = Debug|Any CPU
		{3cb8df80-4c62-8dbd-608c-c4b781a1e01d}.Debug|Any CPU.ActiveCfg = Debug|Any CPU
		{3cb8df80-4c62-8dbd-608c-c4b781a1e01d}.Debug|Any CPU.Build.0 = Debug|Any CPU
		{295135b5-46d7-42fb-5f6c-83e64f8b8ab5}.Debug|Any CPU.ActiveCfg = Debug|Any CPU
		{295135b5-46d7-42fb-5f6c-83e64f8b8ab5}.Debug|Any CPU.Build.0 = Debug|Any CPU
		{e12842a5-1c18-3901-e30a-f9551ecbfb12}.Debug|Any CPU.ActiveCfg = Debug|Any CPU
		{e12842a5-1c18-3901-e30a-f9551ecbfb12}.Debug|Any CPU.Build.0 = Debug|Any CPU
		{a3d9ac79-d39d-8be0-c224-35a3624fd3d9}.Debug|Any CPU.ActiveCfg = Debug|Any CPU
		{a3d9ac79-d39d-8be0-c224-35a3624fd3d9}.Debug|Any CPU.Build.0 = Debug|Any CPU
		{1b7536be-cf08-7c27-34cf-093bd8247fbb}.Debug|Any CPU.ActiveCfg = Debug|Any CPU
		{1b7536be-cf08-7c27-34cf-093bd8247fbb}.Debug|Any CPU.Build.0 = Debug|Any CPU
		{1f2f0af8-cc5a-2fa9-4bec-4d2296216f3e}.Debug|Any CPU.ActiveCfg = Debug|Any CPU
		{1f2f0af8-cc5a-2fa9-4bec-4d2296216f3e}.Debug|Any CPU.Build.0 = Debug|Any CPU
		{a107769c-b3df-6854-dcc9-9293a460b18b}.Debug|Any CPU.ActiveCfg = Debug|Any CPU
		{a107769c-b3df-6854-dcc9-9293a460b18b}.Debug|Any CPU.Build.0 = Debug|Any CPU
		{2d249ec8-b22b-ef08-0bdb-a723ff90e1e0}.Debug|Any CPU.ActiveCfg = Debug|Any CPU
		{2d249ec8-b22b-ef08-0bdb-a723ff90e1e0}.Debug|Any CPU.Build.0 = Debug|Any CPU
		{f82e771d-a309-8f15-2d4a-deea1098aa8c}.Debug|Any CPU.ActiveCfg = Debug|Any CPU
		{f82e771d-a309-8f15-2d4a-deea1098aa8c}.Debug|Any CPU.Build.0 = Debug|Any CPU
		{83c92d44-ec4d-f05c-14f4-15d0dcf0fda4}.Debug|Any CPU.ActiveCfg = Debug|Any CPU
		{83c92d44-ec4d-f05c-14f4-15d0dcf0fda4}.Debug|Any CPU.Build.0 = Debug|Any CPU
		{e0783335-194e-9a34-9407-63f32947c09c}.Debug|Any CPU.ActiveCfg = Debug|Any CPU
		{e0783335-194e-9a34-9407-63f32947c09c}.Debug|Any CPU.Build.0 = Debug|Any CPU
		{5eb6baf0-02a5-2eb5-6ed0-82c20548801f}.Debug|Any CPU.ActiveCfg = Debug|Any CPU
		{5eb6baf0-02a5-2eb5-6ed0-82c20548801f}.Debug|Any CPU.Build.0 = Debug|Any CPU
		{20dcc576-f71a-c49e-1c12-34d67eea3cc2}.Debug|Any CPU.ActiveCfg = Debug|Any CPU
		{20dcc576-f71a-c49e-1c12-34d67eea3cc2}.Debug|Any CPU.Build.0 = Debug|Any CPU
		{d9712638-69c6-792a-f734-26472799a7c0}.Debug|Any CPU.ActiveCfg = Debug|Any CPU
		{d9712638-69c6-792a-f734-26472799a7c0}.Debug|Any CPU.Build.0 = Debug|Any CPU
		{66c371f9-c98a-e232-d1db-857ac5b88b40}.Debug|Any CPU.ActiveCfg = Debug|Any CPU
		{66c371f9-c98a-e232-d1db-857ac5b88b40}.Debug|Any CPU.Build.0 = Debug|Any CPU
		{adc4cff3-f629-e5b5-1c29-998e937e8e78}.Debug|Any CPU.ActiveCfg = Debug|Any CPU
		{adc4cff3-f629-e5b5-1c29-998e937e8e78}.Debug|Any CPU.Build.0 = Debug|Any CPU
		{6f56a741-2151-ed2c-f077-ff31bbcd8392}.Debug|Any CPU.ActiveCfg = Debug|Any CPU
		{6f56a741-2151-ed2c-f077-ff31bbcd8392}.Debug|Any CPU.Build.0 = Debug|Any CPU
		{93e1a9e6-1232-c54e-3b8b-cb336be624a0}.Debug|Any CPU.ActiveCfg = Debug|Any CPU
		{93e1a9e6-1232-c54e-3b8b-cb336be624a0}.Debug|Any CPU.Build.0 = Debug|Any CPU
		{3d59312d-b7b2-87b7-5805-b22f4f20489d}.Debug|Any CPU.ActiveCfg = Debug|Any CPU
		{3d59312d-b7b2-87b7-5805-b22f4f20489d}.Debug|Any CPU.Build.0 = Debug|Any CPU
		{b2a3676d-3859-e941-6292-8f84f070a2d5}.Debug|Any CPU.ActiveCfg = Debug|Any CPU
		{b2a3676d-3859-e941-6292-8f84f070a2d5}.Debug|Any CPU.Build.0 = Debug|Any CPU
		{5d364755-5529-381b-4146-7a03d48eef58}.Debug|Any CPU.ActiveCfg = Debug|Any CPU
		{5d364755-5529-381b-4146-7a03d48eef58}.Debug|Any CPU.Build.0 = Debug|Any CPU
		{2c7369a7-9468-1760-b9fa-8ff0dd70b85c}.Debug|Any CPU.ActiveCfg = Debug|Any CPU
		{2c7369a7-9468-1760-b9fa-8ff0dd70b85c}.Debug|Any CPU.Build.0 = Debug|Any CPU
		{732dba8a-e505-561c-c5dc-c89008cb848a}.Debug|Any CPU.ActiveCfg = Debug|Any CPU
		{732dba8a-e505-561c-c5dc-c89008cb848a}.Debug|Any CPU.Build.0 = Debug|Any CPU
		{8d3766a0-6da5-01b0-e467-62ff062e7c6d}.Debug|Any CPU.ActiveCfg = Debug|Any CPU
		{8d3766a0-6da5-01b0-e467-62ff062e7c6d}.Debug|Any CPU.Build.0 = Debug|Any CPU
		{9b80b5ec-b64a-4378-bb00-0f89bd250955}.Debug|Any CPU.ActiveCfg = Debug|Any CPU
		{9b80b5ec-b64a-4378-bb00-0f89bd250955}.Debug|Any CPU.Build.0 = Debug|Any CPU
		{239e19d1-e4eb-8e63-fc4b-54fb3d01f891}.Debug|Any CPU.ActiveCfg = Debug|Any CPU
		{239e19d1-e4eb-8e63-fc4b-54fb3d01f891}.Debug|Any CPU.Build.0 = Debug|Any CPU
		{05440246-039c-be18-6375-b0f1fab9fac1}.Debug|Any CPU.ActiveCfg = Debug|Any CPU
		{05440246-039c-be18-6375-b0f1fab9fac1}.Debug|Any CPU.Build.0 = Debug|Any CPU
		{f99b0f75-3b68-71c3-1cde-5dab25453b3e}.Debug|Any CPU.ActiveCfg = Debug|Any CPU
		{f99b0f75-3b68-71c3-1cde-5dab25453b3e}.Debug|Any CPU.Build.0 = Debug|Any CPU
		{4d7a5019-7925-7f56-47cb-3a230360554c}.Debug|Any CPU.ActiveCfg = Debug|Any CPU
		{4d7a5019-7925-7f56-47cb-3a230360554c}.Debug|Any CPU.Build.0 = Debug|Any CPU
		{d360f13b-2218-50d8-919d-73dbca627c0c}.Debug|Any CPU.ActiveCfg = Debug|Any CPU
		{d360f13b-2218-50d8-919d-73dbca627c0c}.Debug|Any CPU.Build.0 = Debug|Any CPU
		{01793d58-3bd0-0fb0-921b-87f1ea4ce71e}.Debug|Any CPU.ActiveCfg = Debug|Any CPU
		{01793d58-3bd0-0fb0-921b-87f1ea4ce71e}.Debug|Any CPU.Build.0 = Debug|Any CPU
		{bdf285f0-9071-3051-af67-4d40f3f8472c}.Debug|Any CPU.ActiveCfg = Debug|Any CPU
		{bdf285f0-9071-3051-af67-4d40f3f8472c}.Debug|Any CPU.Build.0 = Debug|Any CPU
		{9065083f-ca70-74ae-641c-0f2d7bd16122}.Debug|Any CPU.ActiveCfg = Debug|Any CPU
		{9065083f-ca70-74ae-641c-0f2d7bd16122}.Debug|Any CPU.Build.0 = Debug|Any CPU
		{4483d7a8-c677-38ef-ce2e-c90217a4f464}.Debug|Any CPU.ActiveCfg = Debug|Any CPU
		{4483d7a8-c677-38ef-ce2e-c90217a4f464}.Debug|Any CPU.Build.0 = Debug|Any CPU
		{761ab4e8-bff4-ccde-9462-a7f99f00bada}.Debug|Any CPU.ActiveCfg = Debug|Any CPU
		{761ab4e8-bff4-ccde-9462-a7f99f00bada}.Debug|Any CPU.Build.0 = Debug|Any CPU
		{711833f3-3c52-d291-3401-20e942d6ac78}.Debug|Any CPU.ActiveCfg = Debug|Any CPU
		{711833f3-3c52-d291-3401-20e942d6ac78}.Debug|Any CPU.Build.0 = Debug|Any CPU
		{7581ceda-4a26-6a72-74f8-06ed55671d55}.Debug|Any CPU.ActiveCfg = Debug|Any CPU
		{7581ceda-4a26-6a72-74f8-06ed55671d55}.Debug|Any CPU.Build.0 = Debug|Any CPU
		{9d5aa21e-3794-eb55-4a23-748f9e316aee}.Debug|Any CPU.ActiveCfg = Debug|Any CPU
		{9d5aa21e-3794-eb55-4a23-748f9e316aee}.Debug|Any CPU.Build.0 = Debug|Any CPU
		{5b26ea8c-0260-b0cd-c9de-9b13894928dd}.Debug|Any CPU.ActiveCfg = Debug|Any CPU
		{5b26ea8c-0260-b0cd-c9de-9b13894928dd}.Debug|Any CPU.Build.0 = Debug|Any CPU
		{1580cf1e-14d6-0f37-be2f-d7f8d33b3b2f}.Debug|Any CPU.ActiveCfg = Debug|Any CPU
		{1580cf1e-14d6-0f37-be2f-d7f8d33b3b2f}.Debug|Any CPU.Build.0 = Debug|Any CPU
		{9072c796-0adb-9dcc-2183-0fcdc16d40eb}.Debug|Any CPU.ActiveCfg = Debug|Any CPU
		{9072c796-0adb-9dcc-2183-0fcdc16d40eb}.Debug|Any CPU.Build.0 = Debug|Any CPU
		{7d1db9d8-9d5f-5edc-39fd-69293915c2ca}.Debug|Any CPU.ActiveCfg = Debug|Any CPU
		{7d1db9d8-9d5f-5edc-39fd-69293915c2ca}.Debug|Any CPU.Build.0 = Debug|Any CPU
		{95c4f289-22c1-d599-012a-d7331f034c25}.Debug|Any CPU.ActiveCfg = Debug|Any CPU
		{95c4f289-22c1-d599-012a-d7331f034c25}.Debug|Any CPU.Build.0 = Debug|Any CPU
		{a0ec4f58-4774-4337-9611-a8715ba49589}.Debug|Any CPU.ActiveCfg = Debug|Any CPU
		{a0ec4f58-4774-4337-9611-a8715ba49589}.Debug|Any CPU.Build.0 = Debug|Any CPU
		{ee6c4324-c102-830c-c59c-e1b3d675e4ba}.Debug|Any CPU.ActiveCfg = Debug|Any CPU
		{ee6c4324-c102-830c-c59c-e1b3d675e4ba}.Debug|Any CPU.Build.0 = Debug|Any CPU
		{1931ab43-d572-efa6-c94c-3e765fd5a25a}.Debug|Any CPU.ActiveCfg = Debug|Any CPU
		{1931ab43-d572-efa6-c94c-3e765fd5a25a}.Debug|Any CPU.Build.0 = Debug|Any CPU
		{f266e2d7-3233-e7e7-b6c2-92c8d7bf9e41}.Debug|Any CPU.ActiveCfg = Debug|Any CPU
		{f266e2d7-3233-e7e7-b6c2-92c8d7bf9e41}.Debug|Any CPU.Build.0 = Debug|Any CPU
		{4ee2f8ce-8b29-0e66-e15d-c95dab889b2b}.Debug|Any CPU.ActiveCfg = Debug|Any CPU
		{4ee2f8ce-8b29-0e66-e15d-c95dab889b2b}.Debug|Any CPU.Build.0 = Debug|Any CPU
		{fff4382e-48e1-099e-54ec-62e8bd439270}.Debug|Any CPU.ActiveCfg = Debug|Any CPU
		{fff4382e-48e1-099e-54ec-62e8bd439270}.Debug|Any CPU.Build.0 = Debug|Any CPU
		{96c1f56f-4265-3fd7-b81a-a274c652f329}.Debug|Any CPU.ActiveCfg = Debug|Any CPU
		{96c1f56f-4265-3fd7-b81a-a274c652f329}.Debug|Any CPU.Build.0 = Debug|Any CPU
		{b0abd1f0-1d5a-bf5f-a6ef-3143eb79cbe4}.Debug|Any CPU.ActiveCfg = Debug|Any CPU
		{b0abd1f0-1d5a-bf5f-a6ef-3143eb79cbe4}.Debug|Any CPU.Build.0 = Debug|Any CPU
	EndGlobalSection
	GlobalSection(SolutionProperties) = preSolution
		HideSolutionNode = FALSE
	EndGlobalSection
EndGlobal
